// !$*UTF8*$!
{
	archiveVersion = 1;
	classes = {
	};
	objectVersion = 46;
	objects = {

/* Begin PBXBuildFile section */
		B21A1B73199BB6C900420BFB /* FPPopoverController.m in Sources */ = {isa = PBXBuildFile; fileRef = B21A1B6C199BB6C900420BFB /* FPPopoverController.m */; };
		B21A1B74199BB6C900420BFB /* FPPopoverView.m in Sources */ = {isa = PBXBuildFile; fileRef = B21A1B6E199BB6C900420BFB /* FPPopoverView.m */; };
		B21A1B75199BB6C900420BFB /* FPTouchView.m in Sources */ = {isa = PBXBuildFile; fileRef = B21A1B70199BB6C900420BFB /* FPTouchView.m */; };
		B21A1B76199BB6C900420BFB /* LICENSE in Resources */ = {isa = PBXBuildFile; fileRef = B21A1B71199BB6C900420BFB /* LICENSE */; };
		B21A1B77199BB6C900420BFB /* Readme.md in Resources */ = {isa = PBXBuildFile; fileRef = B21A1B72199BB6C900420BFB /* Readme.md */; };
		B21A1B8A199BBF1000420BFB /* FPDemoTableViewController.m in Sources */ = {isa = PBXBuildFile; fileRef = B21A1B83199BBF1000420BFB /* FPDemoTableViewController.m */; };
		B21A1B8C199BBF1000420BFB /* FPPopoverKeyboardResponsiveController.m in Sources */ = {isa = PBXBuildFile; fileRef = B21A1B87199BBF1000420BFB /* FPPopoverKeyboardResponsiveController.m */; };
		B21A1B8D199BBF1000420BFB /* FPViewController.m in Sources */ = {isa = PBXBuildFile; fileRef = B21A1B89199BBF1000420BFB /* FPViewController.m */; };
		B21A1B90199BBFE100420BFB /* DemoTableController.m in Sources */ = {isa = PBXBuildFile; fileRef = B21A1B8F199BBFE100420BFB /* DemoTableController.m */; };
		B21A1B93199BE17200420BFB /* AABPersonalInformationViewController.m in Sources */ = {isa = PBXBuildFile; fileRef = B21A1B92199BE17200420BFB /* AABPersonalInformationViewController.m */; };
		B21A1B96199BE2E100420BFB /* AABPersonalViewController.m in Sources */ = {isa = PBXBuildFile; fileRef = B21A1B95199BE2E100420BFB /* AABPersonalViewController.m */; };
		B274BD80198F7738001FBFDC /* Foundation.framework in Frameworks */ = {isa = PBXBuildFile; fileRef = B274BD7F198F7738001FBFDC /* Foundation.framework */; };
		B274BD82198F7738001FBFDC /* CoreGraphics.framework in Frameworks */ = {isa = PBXBuildFile; fileRef = B274BD81198F7738001FBFDC /* CoreGraphics.framework */; };
		B274BD84198F7738001FBFDC /* UIKit.framework in Frameworks */ = {isa = PBXBuildFile; fileRef = B274BD83198F7738001FBFDC /* UIKit.framework */; };
		B274BD8A198F7738001FBFDC /* InfoPlist.strings in Resources */ = {isa = PBXBuildFile; fileRef = B274BD88198F7738001FBFDC /* InfoPlist.strings */; };
		B274BD8C198F7738001FBFDC /* main.m in Sources */ = {isa = PBXBuildFile; fileRef = B274BD8B198F7738001FBFDC /* main.m */; };
		B274BD90198F7738001FBFDC /* AABAppDelegate.m in Sources */ = {isa = PBXBuildFile; fileRef = B274BD8F198F7738001FBFDC /* AABAppDelegate.m */; };
		B274BD93198F7738001FBFDC /* Main.storyboard in Resources */ = {isa = PBXBuildFile; fileRef = B274BD91198F7738001FBFDC /* Main.storyboard */; };
		B274BD96198F7738001FBFDC /* AABFirstViewController.m in Sources */ = {isa = PBXBuildFile; fileRef = B274BD95198F7738001FBFDC /* AABFirstViewController.m */; };
		B274BD99198F7738001FBFDC /* AABSecondViewController.m in Sources */ = {isa = PBXBuildFile; fileRef = B274BD98198F7738001FBFDC /* AABSecondViewController.m */; };
		B274BD9B198F7738001FBFDC /* Images.xcassets in Resources */ = {isa = PBXBuildFile; fileRef = B274BD9A198F7738001FBFDC /* Images.xcassets */; };
		B274BDA2198F7738001FBFDC /* XCTest.framework in Frameworks */ = {isa = PBXBuildFile; fileRef = B274BDA1198F7738001FBFDC /* XCTest.framework */; };
		B274BDA3198F7738001FBFDC /* Foundation.framework in Frameworks */ = {isa = PBXBuildFile; fileRef = B274BD7F198F7738001FBFDC /* Foundation.framework */; };
		B274BDA4198F7738001FBFDC /* UIKit.framework in Frameworks */ = {isa = PBXBuildFile; fileRef = B274BD83198F7738001FBFDC /* UIKit.framework */; };
		B274BDAC198F7738001FBFDC /* InfoPlist.strings in Resources */ = {isa = PBXBuildFile; fileRef = B274BDAA198F7738001FBFDC /* InfoPlist.strings */; };
		B274BDAE198F7738001FBFDC /* otocareTests.m in Sources */ = {isa = PBXBuildFile; fileRef = B274BDAD198F7738001FBFDC /* otocareTests.m */; };
		B274BDB9198F8183001FBFDC /* AABHomePartOne.m in Sources */ = {isa = PBXBuildFile; fileRef = B274BDB8198F8183001FBFDC /* AABHomePartOne.m */; };
		B27EF0CA199B88360003C261 /* AABOptionChooserViewController.m in Sources */ = {isa = PBXBuildFile; fileRef = B27EF0C9199B88360003C261 /* AABOptionChooserViewController.m */; };
		B294C691198F8662003FE0AC /* HomeView.xib in Resources */ = {isa = PBXBuildFile; fileRef = B294C690198F8662003FE0AC /* HomeView.xib */; };
		B294C694198F8748003FE0AC /* AABHomePartTwo.m in Sources */ = {isa = PBXBuildFile; fileRef = B294C693198F8748003FE0AC /* AABHomePartTwo.m */; };
		B294C697198F8764003FE0AC /* AABHomePartThree.m in Sources */ = {isa = PBXBuildFile; fileRef = B294C696198F8764003FE0AC /* AABHomePartThree.m */; };
		B294C6A1199079B3003FE0AC /* AABHomeViewController.m in Sources */ = {isa = PBXBuildFile; fileRef = B294C69F199079B3003FE0AC /* AABHomeViewController.m */; };
		B294C6A2199079B3003FE0AC /* AABHomeViewController.xib in Resources */ = {isa = PBXBuildFile; fileRef = B294C6A0199079B3003FE0AC /* AABHomeViewController.xib */; };
		B294C6A5199079E6003FE0AC /* AABSettingViewController.m in Sources */ = {isa = PBXBuildFile; fileRef = B294C6A4199079E6003FE0AC /* AABSettingViewController.m */; };
		B294C6A8199079FC003FE0AC /* AABKnowledgeViewController.m in Sources */ = {isa = PBXBuildFile; fileRef = B294C6A7199079FC003FE0AC /* AABKnowledgeViewController.m */; };
		B294C6AB19907A0B003FE0AC /* AABNearMeViewController.m in Sources */ = {isa = PBXBuildFile; fileRef = B294C6AA19907A0B003FE0AC /* AABNearMeViewController.m */; };
		B294C6AE19907A1F003FE0AC /* AABProfileViewController.m in Sources */ = {isa = PBXBuildFile; fileRef = B294C6AD19907A1F003FE0AC /* AABProfileViewController.m */; };
		B294C6B619907D95003FE0AC /* AABHTTPClient.m in Sources */ = {isa = PBXBuildFile; fileRef = B294C6B519907D95003FE0AC /* AABHTTPClient.m */; };
		B294C72919907EE9003FE0AC /* AFHTTPClient.m in Sources */ = {isa = PBXBuildFile; fileRef = B294C6BC19907EE9003FE0AC /* AFHTTPClient.m */; };
		B294C72A19907EE9003FE0AC /* AFHTTPRequestOperation.m in Sources */ = {isa = PBXBuildFile; fileRef = B294C6BE19907EE9003FE0AC /* AFHTTPRequestOperation.m */; };
		B294C72B19907EE9003FE0AC /* AFImageRequestOperation.m in Sources */ = {isa = PBXBuildFile; fileRef = B294C6C019907EE9003FE0AC /* AFImageRequestOperation.m */; };
		B294C72C19907EE9003FE0AC /* AFJSONRequestOperation.m in Sources */ = {isa = PBXBuildFile; fileRef = B294C6C219907EE9003FE0AC /* AFJSONRequestOperation.m */; };
		B294C72D19907EE9003FE0AC /* AFNetworkActivityIndicatorManager.m in Sources */ = {isa = PBXBuildFile; fileRef = B294C6C419907EE9003FE0AC /* AFNetworkActivityIndicatorManager.m */; };
		B294C72E19907EE9003FE0AC /* AFPropertyListRequestOperation.m in Sources */ = {isa = PBXBuildFile; fileRef = B294C6C719907EE9003FE0AC /* AFPropertyListRequestOperation.m */; };
		B294C72F19907EE9003FE0AC /* AFURLConnectionOperation.m in Sources */ = {isa = PBXBuildFile; fileRef = B294C6C919907EE9003FE0AC /* AFURLConnectionOperation.m */; };
		B294C73019907EE9003FE0AC /* AFXMLRequestOperation.m in Sources */ = {isa = PBXBuildFile; fileRef = B294C6CB19907EE9003FE0AC /* AFXMLRequestOperation.m */; };
		B294C73119907EE9003FE0AC /* UIImageView+AFNetworking.m in Sources */ = {isa = PBXBuildFile; fileRef = B294C6CD19907EE9003FE0AC /* UIImageView+AFNetworking.m */; };
		B294C73419907EE9003FE0AC /* GoogleMaps.framework in Frameworks */ = {isa = PBXBuildFile; fileRef = B294C6D619907EE9003FE0AC /* GoogleMaps.framework */; };
		B294C74919907EE9003FE0AC /* NSDate+Relativity.m in Sources */ = {isa = PBXBuildFile; fileRef = B294C71819907EE9003FE0AC /* NSDate+Relativity.m */; };
		B294C74A19907EE9003FE0AC /* NSString+Encryption.m in Sources */ = {isa = PBXBuildFile; fileRef = B294C71B19907EE9003FE0AC /* NSString+Encryption.m */; };
		B294C74B19907EE9003FE0AC /* NSString+NamingConvention.m in Sources */ = {isa = PBXBuildFile; fileRef = B294C71E19907EE9003FE0AC /* NSString+NamingConvention.m */; };
		B294C74C19907EE9003FE0AC /* PDKeychainBindings.m in Sources */ = {isa = PBXBuildFile; fileRef = B294C72119907EE9003FE0AC /* PDKeychainBindings.m */; };
		B294C74D19907EE9003FE0AC /* PDKeychainBindingsController.m in Sources */ = {isa = PBXBuildFile; fileRef = B294C72319907EE9003FE0AC /* PDKeychainBindingsController.m */; };
		B294C74E19907EE9003FE0AC /* UIImage+ImageEffects.m in Sources */ = {isa = PBXBuildFile; fileRef = B294C72619907EE9003FE0AC /* UIImage+ImageEffects.m */; };
		B294C74F19907EE9003FE0AC /* UIImage+ImageUtils.m in Sources */ = {isa = PBXBuildFile; fileRef = B294C72819907EE9003FE0AC /* UIImage+ImageUtils.m */; };
		B294C75219907FBA003FE0AC /* AABConstants.m in Sources */ = {isa = PBXBuildFile; fileRef = B294C75119907FBA003FE0AC /* AABConstants.m */; };
		B294C75519908524003FE0AC /* AABAuthManager.m in Sources */ = {isa = PBXBuildFile; fileRef = B294C75419908524003FE0AC /* AABAuthManager.m */; };
		B294C759199085B9003FE0AC /* AABUser.m in Sources */ = {isa = PBXBuildFile; fileRef = B294C758199085B9003FE0AC /* AABUser.m */; };
		B294C75C19908972003FE0AC /* AABGPlace.m in Sources */ = {isa = PBXBuildFile; fileRef = B294C75B19908972003FE0AC /* AABGPlace.m */; };
		B294C75F19908A2D003FE0AC /* AABGPlacesFetcher.m in Sources */ = {isa = PBXBuildFile; fileRef = B294C75E19908A2D003FE0AC /* AABGPlacesFetcher.m */; };
		B294C76419931BE5003FE0AC /* Reachability.m in Sources */ = {isa = PBXBuildFile; fileRef = B294C76319931BE5003FE0AC /* Reachability.m */; };
		B294C76619931D13003FE0AC /* Social.framework in Frameworks */ = {isa = PBXBuildFile; fileRef = B294C76519931D13003FE0AC /* Social.framework */; };
		B294C76819931D2E003FE0AC /* EventKit.framework in Frameworks */ = {isa = PBXBuildFile; fileRef = B294C76719931D2E003FE0AC /* EventKit.framework */; };
		B294C76A19931D3D003FE0AC /* EventKitUI.framework in Frameworks */ = {isa = PBXBuildFile; fileRef = B294C76919931D3D003FE0AC /* EventKitUI.framework */; };
		B294C76E19931D9D003FE0AC /* SystemConfiguration.framework in Frameworks */ = {isa = PBXBuildFile; fileRef = B294C76D19931D9D003FE0AC /* SystemConfiguration.framework */; };
		B294C77119932FC7003FE0AC /* AABReminderViewController.m in Sources */ = {isa = PBXBuildFile; fileRef = B294C77019932FC7003FE0AC /* AABReminderViewController.m */; };
		B294C77A19945723003FE0AC /* IMFormCell.m in Sources */ = {isa = PBXBuildFile; fileRef = B294C77519945723003FE0AC /* IMFormCell.m */; };
		B294C77B19945723003FE0AC /* IMSSCheckMark.m in Sources */ = {isa = PBXBuildFile; fileRef = B294C77719945723003FE0AC /* IMSSCheckMark.m */; };
		B294C77C19945723003FE0AC /* MBProgressHUD.m in Sources */ = {isa = PBXBuildFile; fileRef = B294C77919945723003FE0AC /* MBProgressHUD.m */; };
		B294C781199457B8003FE0AC /* UIColor+IMMS.m in Sources */ = {isa = PBXBuildFile; fileRef = B294C77E199457B8003FE0AC /* UIColor+IMMS.m */; };
		B294C782199457B8003FE0AC /* UIFont+IMMS.m in Sources */ = {isa = PBXBuildFile; fileRef = B294C780199457B8003FE0AC /* UIFont+IMMS.m */; };
		B294C78519945900003FE0AC /* AABReminderTableViewController.m in Sources */ = {isa = PBXBuildFile; fileRef = B294C78419945900003FE0AC /* AABReminderTableViewController.m */; };
		B294C7881994BAED003FE0AC /* AABProfileTableViewController.m in Sources */ = {isa = PBXBuildFile; fileRef = B294C7871994BAED003FE0AC /* AABProfileTableViewController.m */; };
		B294C78A1995396A003FE0AC /* Constants.plist in Resources */ = {isa = PBXBuildFile; fileRef = B294C7891995396A003FE0AC /* Constants.plist */; };
		B294C78D199547DB003FE0AC /* AABTableViewController.m in Sources */ = {isa = PBXBuildFile; fileRef = B294C78C199547DB003FE0AC /* AABTableViewController.m */; };
		B294C790199549DF003FE0AC /* AABTableHeaderView.m in Sources */ = {isa = PBXBuildFile; fileRef = B294C78F199549DF003FE0AC /* AABTableHeaderView.m */; };
		B294C79319954C76003FE0AC /* AABFormCell.m in Sources */ = {isa = PBXBuildFile; fileRef = B294C79219954C76003FE0AC /* AABFormCell.m */; };
		B294C79619955245003FE0AC /* AABViewController.m in Sources */ = {isa = PBXBuildFile; fileRef = B294C79519955245003FE0AC /* AABViewController.m */; };
		B294C7991995539E003FE0AC /* AABDatePickerVC.m in Sources */ = {isa = PBXBuildFile; fileRef = B294C7981995539E003FE0AC /* AABDatePickerVC.m */; };
		B294C79C1997CD18003FE0AC /* AABVehicleViewController.m in Sources */ = {isa = PBXBuildFile; fileRef = B294C79B1997CD18003FE0AC /* AABVehicleViewController.m */; };
		B294C79F1997CD40003FE0AC /* AABInsuranceViewController.m in Sources */ = {isa = PBXBuildFile; fileRef = B294C79E1997CD40003FE0AC /* AABInsuranceViewController.m */; };
		B294C7A21997DD5E003FE0AC /* Model.xcdatamodeld in Sources */ = {isa = PBXBuildFile; fileRef = B294C7A01997DD5E003FE0AC /* Model.xcdatamodeld */; };
		B294C7B519989094003FE0AC /* Personal+Extended.m in Sources */ = {isa = PBXBuildFile; fileRef = B294C7B419989094003FE0AC /* Personal+Extended.m */; };
		B294C7B8199890C7003FE0AC /* Personal+Export.m in Sources */ = {isa = PBXBuildFile; fileRef = B294C7B7199890C7003FE0AC /* Personal+Export.m */; };
		B294C7BB19989318003FE0AC /* AABDBManager.m in Sources */ = {isa = PBXBuildFile; fileRef = B294C7BA19989318003FE0AC /* AABDBManager.m */; };
		B294C7BE199895C6003FE0AC /* AABBackgroundFetcher.m in Sources */ = {isa = PBXBuildFile; fileRef = B294C7BD199895C6003FE0AC /* AABBackgroundFetcher.m */; };
		B294C7C119989684003FE0AC /* AABDataFetcher.m in Sources */ = {isa = PBXBuildFile; fileRef = B294C7C019989684003FE0AC /* AABDataFetcher.m */; };
		B294C7C419989EF6003FE0AC /* Vehicle+Extended.m in Sources */ = {isa = PBXBuildFile; fileRef = B294C7C319989EF6003FE0AC /* Vehicle+Extended.m */; };
		B294C7C719989F10003FE0AC /* Insurance+Extended.m in Sources */ = {isa = PBXBuildFile; fileRef = B294C7C619989F10003FE0AC /* Insurance+Extended.m */; };
		B294C7D31999A4EA003FE0AC /* Insurance.m in Sources */ = {isa = PBXBuildFile; fileRef = B294C7D21999A4EA003FE0AC /* Insurance.m */; };
		B294C7D61999A4EB003FE0AC /* Vehicle.m in Sources */ = {isa = PBXBuildFile; fileRef = B294C7D51999A4EB003FE0AC /* Vehicle.m */; };
		B294C7D91999A4EB003FE0AC /* Personal.m in Sources */ = {isa = PBXBuildFile; fileRef = B294C7D81999A4EB003FE0AC /* Personal.m */; };
		B294C7DC1999AFC0003FE0AC /* Personal+Import.m in Sources */ = {isa = PBXBuildFile; fileRef = B294C7DB1999AFC0003FE0AC /* Personal+Import.m */; };
		B294C7DF1999BE68003FE0AC /* Insurance+Import.m in Sources */ = {isa = PBXBuildFile; fileRef = B294C7DE1999BE68003FE0AC /* Insurance+Import.m */; };
		B294C7E21999BE80003FE0AC /* Vehicle+Import.m in Sources */ = {isa = PBXBuildFile; fileRef = B294C7E11999BE80003FE0AC /* Vehicle+Import.m */; };
		B294C7E51999DE7C003FE0AC /* Vehicle+Export.m in Sources */ = {isa = PBXBuildFile; fileRef = B294C7E41999DE7C003FE0AC /* Vehicle+Export.m */; };
		B294C7E81999DE91003FE0AC /* Insurance+Export.m in Sources */ = {isa = PBXBuildFile; fileRef = B294C7E71999DE91003FE0AC /* Insurance+Export.m */; };
		C8F6AB03199CCCB700A4F877 /* AABProfileVC.m in Sources */ = {isa = PBXBuildFile; fileRef = C8F6AB02199CCCB700A4F877 /* AABProfileVC.m */; };
		C8F6AB07199CF25B00A4F877 /* AABProfileDetailVC.m in Sources */ = {isa = PBXBuildFile; fileRef = C8F6AB06199CF25B00A4F877 /* AABProfileDetailVC.m */; };
		C8F6AB0A199CF27900A4F877 /* AABVehicleDetailVC.m in Sources */ = {isa = PBXBuildFile; fileRef = C8F6AB09199CF27900A4F877 /* AABVehicleDetailVC.m */; };
		C8F6AB0D199DC1B300A4F877 /* UIColor+AAB.m in Sources */ = {isa = PBXBuildFile; fileRef = C8F6AB0C199DC1B300A4F877 /* UIColor+AAB.m */; };
		C8F6AB10199DC1CB00A4F877 /* UIFont+AAB.m in Sources */ = {isa = PBXBuildFile; fileRef = C8F6AB0F199DC1CB00A4F877 /* UIFont+AAB.m */; };
/* End PBXBuildFile section */

/* Begin PBXContainerItemProxy section */
		B274BDA5198F7738001FBFDC /* PBXContainerItemProxy */ = {
			isa = PBXContainerItemProxy;
			containerPortal = B274BD74198F7738001FBFDC /* Project object */;
			proxyType = 1;
			remoteGlobalIDString = B274BD7B198F7738001FBFDC;
			remoteInfo = otocare;
		};
/* End PBXContainerItemProxy section */

/* Begin PBXFileReference section */
		B21A1B6A199BB6C900420BFB /* ARCMacros.h */ = {isa = PBXFileReference; fileEncoding = 4; lastKnownFileType = sourcecode.c.h; path = ARCMacros.h; sourceTree = "<group>"; };
		B21A1B6B199BB6C900420BFB /* FPPopoverController.h */ = {isa = PBXFileReference; fileEncoding = 4; lastKnownFileType = sourcecode.c.h; path = FPPopoverController.h; sourceTree = "<group>"; };
		B21A1B6C199BB6C900420BFB /* FPPopoverController.m */ = {isa = PBXFileReference; fileEncoding = 4; lastKnownFileType = sourcecode.c.objc; path = FPPopoverController.m; sourceTree = "<group>"; };
		B21A1B6D199BB6C900420BFB /* FPPopoverView.h */ = {isa = PBXFileReference; fileEncoding = 4; lastKnownFileType = sourcecode.c.h; path = FPPopoverView.h; sourceTree = "<group>"; };
		B21A1B6E199BB6C900420BFB /* FPPopoverView.m */ = {isa = PBXFileReference; fileEncoding = 4; lastKnownFileType = sourcecode.c.objc; path = FPPopoverView.m; sourceTree = "<group>"; };
		B21A1B6F199BB6C900420BFB /* FPTouchView.h */ = {isa = PBXFileReference; fileEncoding = 4; lastKnownFileType = sourcecode.c.h; path = FPTouchView.h; sourceTree = "<group>"; };
		B21A1B70199BB6C900420BFB /* FPTouchView.m */ = {isa = PBXFileReference; fileEncoding = 4; lastKnownFileType = sourcecode.c.objc; path = FPTouchView.m; sourceTree = "<group>"; };
		B21A1B71199BB6C900420BFB /* LICENSE */ = {isa = PBXFileReference; fileEncoding = 4; lastKnownFileType = text; path = LICENSE; sourceTree = "<group>"; };
		B21A1B72199BB6C900420BFB /* Readme.md */ = {isa = PBXFileReference; fileEncoding = 4; lastKnownFileType = text; path = Readme.md; sourceTree = "<group>"; };
		B21A1B82199BBF1000420BFB /* FPDemoTableViewController.h */ = {isa = PBXFileReference; fileEncoding = 4; lastKnownFileType = sourcecode.c.h; name = FPDemoTableViewController.h; path = Demo/FPDemoTableViewController.h; sourceTree = "<group>"; };
		B21A1B83199BBF1000420BFB /* FPDemoTableViewController.m */ = {isa = PBXFileReference; fileEncoding = 4; lastKnownFileType = sourcecode.c.objc; name = FPDemoTableViewController.m; path = Demo/FPDemoTableViewController.m; sourceTree = "<group>"; };
		B21A1B86199BBF1000420BFB /* FPPopoverKeyboardResponsiveController.h */ = {isa = PBXFileReference; fileEncoding = 4; lastKnownFileType = sourcecode.c.h; name = FPPopoverKeyboardResponsiveController.h; path = Demo/FPPopoverKeyboardResponsiveController.h; sourceTree = "<group>"; };
		B21A1B87199BBF1000420BFB /* FPPopoverKeyboardResponsiveController.m */ = {isa = PBXFileReference; fileEncoding = 4; lastKnownFileType = sourcecode.c.objc; name = FPPopoverKeyboardResponsiveController.m; path = Demo/FPPopoverKeyboardResponsiveController.m; sourceTree = "<group>"; };
		B21A1B88199BBF1000420BFB /* FPViewController.h */ = {isa = PBXFileReference; fileEncoding = 4; lastKnownFileType = sourcecode.c.h; name = FPViewController.h; path = Demo/FPViewController.h; sourceTree = "<group>"; };
		B21A1B89199BBF1000420BFB /* FPViewController.m */ = {isa = PBXFileReference; fileEncoding = 4; lastKnownFileType = sourcecode.c.objc; name = FPViewController.m; path = Demo/FPViewController.m; sourceTree = "<group>"; };
		B21A1B8E199BBFE100420BFB /* DemoTableController.h */ = {isa = PBXFileReference; fileEncoding = 4; lastKnownFileType = sourcecode.c.h; path = DemoTableController.h; sourceTree = "<group>"; };
		B21A1B8F199BBFE100420BFB /* DemoTableController.m */ = {isa = PBXFileReference; fileEncoding = 4; lastKnownFileType = sourcecode.c.objc; path = DemoTableController.m; sourceTree = "<group>"; };
		B21A1B91199BE17200420BFB /* AABPersonalInformationViewController.h */ = {isa = PBXFileReference; fileEncoding = 4; lastKnownFileType = sourcecode.c.h; path = AABPersonalInformationViewController.h; sourceTree = "<group>"; };
		B21A1B92199BE17200420BFB /* AABPersonalInformationViewController.m */ = {isa = PBXFileReference; fileEncoding = 4; lastKnownFileType = sourcecode.c.objc; path = AABPersonalInformationViewController.m; sourceTree = "<group>"; };
		B21A1B94199BE2E100420BFB /* AABPersonalViewController.h */ = {isa = PBXFileReference; fileEncoding = 4; lastKnownFileType = sourcecode.c.h; path = AABPersonalViewController.h; sourceTree = "<group>"; };
		B21A1B95199BE2E100420BFB /* AABPersonalViewController.m */ = {isa = PBXFileReference; fileEncoding = 4; lastKnownFileType = sourcecode.c.objc; path = AABPersonalViewController.m; sourceTree = "<group>"; };
		B274BD7C198F7738001FBFDC /* otocare.app */ = {isa = PBXFileReference; explicitFileType = wrapper.application; includeInIndex = 0; path = otocare.app; sourceTree = BUILT_PRODUCTS_DIR; };
		B274BD7F198F7738001FBFDC /* Foundation.framework */ = {isa = PBXFileReference; lastKnownFileType = wrapper.framework; name = Foundation.framework; path = System/Library/Frameworks/Foundation.framework; sourceTree = SDKROOT; };
		B274BD81198F7738001FBFDC /* CoreGraphics.framework */ = {isa = PBXFileReference; lastKnownFileType = wrapper.framework; name = CoreGraphics.framework; path = System/Library/Frameworks/CoreGraphics.framework; sourceTree = SDKROOT; };
		B274BD83198F7738001FBFDC /* UIKit.framework */ = {isa = PBXFileReference; lastKnownFileType = wrapper.framework; name = UIKit.framework; path = System/Library/Frameworks/UIKit.framework; sourceTree = SDKROOT; };
		B274BD87198F7738001FBFDC /* otocare-Info.plist */ = {isa = PBXFileReference; lastKnownFileType = text.plist.xml; path = "otocare-Info.plist"; sourceTree = "<group>"; };
		B274BD89198F7738001FBFDC /* en */ = {isa = PBXFileReference; lastKnownFileType = text.plist.strings; name = en; path = en.lproj/InfoPlist.strings; sourceTree = "<group>"; };
		B274BD8B198F7738001FBFDC /* main.m */ = {isa = PBXFileReference; lastKnownFileType = sourcecode.c.objc; path = main.m; sourceTree = "<group>"; };
		B274BD8D198F7738001FBFDC /* otocare-Prefix.pch */ = {isa = PBXFileReference; lastKnownFileType = sourcecode.c.h; path = "otocare-Prefix.pch"; sourceTree = "<group>"; };
		B274BD8E198F7738001FBFDC /* AABAppDelegate.h */ = {isa = PBXFileReference; lastKnownFileType = sourcecode.c.h; path = AABAppDelegate.h; sourceTree = "<group>"; };
		B274BD8F198F7738001FBFDC /* AABAppDelegate.m */ = {isa = PBXFileReference; lastKnownFileType = sourcecode.c.objc; path = AABAppDelegate.m; sourceTree = "<group>"; };
		B274BD92198F7738001FBFDC /* Base */ = {isa = PBXFileReference; lastKnownFileType = file.storyboard; name = Base; path = Base.lproj/Main.storyboard; sourceTree = "<group>"; };
		B274BD94198F7738001FBFDC /* AABFirstViewController.h */ = {isa = PBXFileReference; lastKnownFileType = sourcecode.c.h; path = AABFirstViewController.h; sourceTree = "<group>"; };
		B274BD95198F7738001FBFDC /* AABFirstViewController.m */ = {isa = PBXFileReference; lastKnownFileType = sourcecode.c.objc; path = AABFirstViewController.m; sourceTree = "<group>"; };
		B274BD97198F7738001FBFDC /* AABSecondViewController.h */ = {isa = PBXFileReference; lastKnownFileType = sourcecode.c.h; path = AABSecondViewController.h; sourceTree = "<group>"; };
		B274BD98198F7738001FBFDC /* AABSecondViewController.m */ = {isa = PBXFileReference; lastKnownFileType = sourcecode.c.objc; path = AABSecondViewController.m; sourceTree = "<group>"; };
		B274BD9A198F7738001FBFDC /* Images.xcassets */ = {isa = PBXFileReference; lastKnownFileType = folder.assetcatalog; path = Images.xcassets; sourceTree = "<group>"; };
		B274BDA0198F7738001FBFDC /* otocareTests.xctest */ = {isa = PBXFileReference; explicitFileType = wrapper.cfbundle; includeInIndex = 0; path = otocareTests.xctest; sourceTree = BUILT_PRODUCTS_DIR; };
		B274BDA1198F7738001FBFDC /* XCTest.framework */ = {isa = PBXFileReference; lastKnownFileType = wrapper.framework; name = XCTest.framework; path = Library/Frameworks/XCTest.framework; sourceTree = DEVELOPER_DIR; };
		B274BDA9198F7738001FBFDC /* otocareTests-Info.plist */ = {isa = PBXFileReference; lastKnownFileType = text.plist.xml; path = "otocareTests-Info.plist"; sourceTree = "<group>"; };
		B274BDAB198F7738001FBFDC /* en */ = {isa = PBXFileReference; lastKnownFileType = text.plist.strings; name = en; path = en.lproj/InfoPlist.strings; sourceTree = "<group>"; };
		B274BDAD198F7738001FBFDC /* otocareTests.m */ = {isa = PBXFileReference; lastKnownFileType = sourcecode.c.objc; path = otocareTests.m; sourceTree = "<group>"; };
		B274BDB7198F8183001FBFDC /* AABHomePartOne.h */ = {isa = PBXFileReference; fileEncoding = 4; lastKnownFileType = sourcecode.c.h; path = AABHomePartOne.h; sourceTree = "<group>"; };
		B274BDB8198F8183001FBFDC /* AABHomePartOne.m */ = {isa = PBXFileReference; fileEncoding = 4; lastKnownFileType = sourcecode.c.objc; path = AABHomePartOne.m; sourceTree = "<group>"; };
		B27EF0C8199B88360003C261 /* AABOptionChooserViewController.h */ = {isa = PBXFileReference; fileEncoding = 4; lastKnownFileType = sourcecode.c.h; path = AABOptionChooserViewController.h; sourceTree = "<group>"; };
		B27EF0C9199B88360003C261 /* AABOptionChooserViewController.m */ = {isa = PBXFileReference; fileEncoding = 4; lastKnownFileType = sourcecode.c.objc; path = AABOptionChooserViewController.m; sourceTree = "<group>"; };
		B294C690198F8662003FE0AC /* HomeView.xib */ = {isa = PBXFileReference; fileEncoding = 4; lastKnownFileType = file.xib; path = HomeView.xib; sourceTree = "<group>"; };
		B294C692198F8748003FE0AC /* AABHomePartTwo.h */ = {isa = PBXFileReference; fileEncoding = 4; lastKnownFileType = sourcecode.c.h; path = AABHomePartTwo.h; sourceTree = "<group>"; };
		B294C693198F8748003FE0AC /* AABHomePartTwo.m */ = {isa = PBXFileReference; fileEncoding = 4; lastKnownFileType = sourcecode.c.objc; path = AABHomePartTwo.m; sourceTree = "<group>"; };
		B294C695198F8764003FE0AC /* AABHomePartThree.h */ = {isa = PBXFileReference; fileEncoding = 4; lastKnownFileType = sourcecode.c.h; path = AABHomePartThree.h; sourceTree = "<group>"; };
		B294C696198F8764003FE0AC /* AABHomePartThree.m */ = {isa = PBXFileReference; fileEncoding = 4; lastKnownFileType = sourcecode.c.objc; path = AABHomePartThree.m; sourceTree = "<group>"; };
		B294C69E199079B3003FE0AC /* AABHomeViewController.h */ = {isa = PBXFileReference; fileEncoding = 4; lastKnownFileType = sourcecode.c.h; path = AABHomeViewController.h; sourceTree = "<group>"; };
		B294C69F199079B3003FE0AC /* AABHomeViewController.m */ = {isa = PBXFileReference; fileEncoding = 4; lastKnownFileType = sourcecode.c.objc; path = AABHomeViewController.m; sourceTree = "<group>"; };
		B294C6A0199079B3003FE0AC /* AABHomeViewController.xib */ = {isa = PBXFileReference; fileEncoding = 4; lastKnownFileType = file.xib; path = AABHomeViewController.xib; sourceTree = "<group>"; };
		B294C6A3199079E6003FE0AC /* AABSettingViewController.h */ = {isa = PBXFileReference; fileEncoding = 4; lastKnownFileType = sourcecode.c.h; path = AABSettingViewController.h; sourceTree = "<group>"; };
		B294C6A4199079E6003FE0AC /* AABSettingViewController.m */ = {isa = PBXFileReference; fileEncoding = 4; lastKnownFileType = sourcecode.c.objc; path = AABSettingViewController.m; sourceTree = "<group>"; };
		B294C6A6199079FC003FE0AC /* AABKnowledgeViewController.h */ = {isa = PBXFileReference; fileEncoding = 4; lastKnownFileType = sourcecode.c.h; path = AABKnowledgeViewController.h; sourceTree = "<group>"; };
		B294C6A7199079FC003FE0AC /* AABKnowledgeViewController.m */ = {isa = PBXFileReference; fileEncoding = 4; lastKnownFileType = sourcecode.c.objc; path = AABKnowledgeViewController.m; sourceTree = "<group>"; };
		B294C6A919907A0B003FE0AC /* AABNearMeViewController.h */ = {isa = PBXFileReference; fileEncoding = 4; lastKnownFileType = sourcecode.c.h; path = AABNearMeViewController.h; sourceTree = "<group>"; };
		B294C6AA19907A0B003FE0AC /* AABNearMeViewController.m */ = {isa = PBXFileReference; fileEncoding = 4; lastKnownFileType = sourcecode.c.objc; path = AABNearMeViewController.m; sourceTree = "<group>"; };
		B294C6AC19907A1F003FE0AC /* AABProfileViewController.h */ = {isa = PBXFileReference; fileEncoding = 4; lastKnownFileType = sourcecode.c.h; path = AABProfileViewController.h; sourceTree = "<group>"; };
		B294C6AD19907A1F003FE0AC /* AABProfileViewController.m */ = {isa = PBXFileReference; fileEncoding = 4; lastKnownFileType = sourcecode.c.objc; path = AABProfileViewController.m; sourceTree = "<group>"; };
		B294C6B419907D95003FE0AC /* AABHTTPClient.h */ = {isa = PBXFileReference; fileEncoding = 4; lastKnownFileType = sourcecode.c.h; path = AABHTTPClient.h; sourceTree = "<group>"; };
		B294C6B519907D95003FE0AC /* AABHTTPClient.m */ = {isa = PBXFileReference; fileEncoding = 4; lastKnownFileType = sourcecode.c.objc; path = AABHTTPClient.m; sourceTree = "<group>"; };
		B294C6BB19907EE9003FE0AC /* AFHTTPClient.h */ = {isa = PBXFileReference; fileEncoding = 4; lastKnownFileType = sourcecode.c.h; path = AFHTTPClient.h; sourceTree = "<group>"; };
		B294C6BC19907EE9003FE0AC /* AFHTTPClient.m */ = {isa = PBXFileReference; fileEncoding = 4; lastKnownFileType = sourcecode.c.objc; path = AFHTTPClient.m; sourceTree = "<group>"; };
		B294C6BD19907EE9003FE0AC /* AFHTTPRequestOperation.h */ = {isa = PBXFileReference; fileEncoding = 4; lastKnownFileType = sourcecode.c.h; path = AFHTTPRequestOperation.h; sourceTree = "<group>"; };
		B294C6BE19907EE9003FE0AC /* AFHTTPRequestOperation.m */ = {isa = PBXFileReference; fileEncoding = 4; lastKnownFileType = sourcecode.c.objc; path = AFHTTPRequestOperation.m; sourceTree = "<group>"; };
		B294C6BF19907EE9003FE0AC /* AFImageRequestOperation.h */ = {isa = PBXFileReference; fileEncoding = 4; lastKnownFileType = sourcecode.c.h; path = AFImageRequestOperation.h; sourceTree = "<group>"; };
		B294C6C019907EE9003FE0AC /* AFImageRequestOperation.m */ = {isa = PBXFileReference; fileEncoding = 4; lastKnownFileType = sourcecode.c.objc; path = AFImageRequestOperation.m; sourceTree = "<group>"; };
		B294C6C119907EE9003FE0AC /* AFJSONRequestOperation.h */ = {isa = PBXFileReference; fileEncoding = 4; lastKnownFileType = sourcecode.c.h; path = AFJSONRequestOperation.h; sourceTree = "<group>"; };
		B294C6C219907EE9003FE0AC /* AFJSONRequestOperation.m */ = {isa = PBXFileReference; fileEncoding = 4; lastKnownFileType = sourcecode.c.objc; path = AFJSONRequestOperation.m; sourceTree = "<group>"; };
		B294C6C319907EE9003FE0AC /* AFNetworkActivityIndicatorManager.h */ = {isa = PBXFileReference; fileEncoding = 4; lastKnownFileType = sourcecode.c.h; path = AFNetworkActivityIndicatorManager.h; sourceTree = "<group>"; };
		B294C6C419907EE9003FE0AC /* AFNetworkActivityIndicatorManager.m */ = {isa = PBXFileReference; fileEncoding = 4; lastKnownFileType = sourcecode.c.objc; path = AFNetworkActivityIndicatorManager.m; sourceTree = "<group>"; };
		B294C6C519907EE9003FE0AC /* AFNetworking.h */ = {isa = PBXFileReference; fileEncoding = 4; lastKnownFileType = sourcecode.c.h; path = AFNetworking.h; sourceTree = "<group>"; };
		B294C6C619907EE9003FE0AC /* AFPropertyListRequestOperation.h */ = {isa = PBXFileReference; fileEncoding = 4; lastKnownFileType = sourcecode.c.h; path = AFPropertyListRequestOperation.h; sourceTree = "<group>"; };
		B294C6C719907EE9003FE0AC /* AFPropertyListRequestOperation.m */ = {isa = PBXFileReference; fileEncoding = 4; lastKnownFileType = sourcecode.c.objc; path = AFPropertyListRequestOperation.m; sourceTree = "<group>"; };
		B294C6C819907EE9003FE0AC /* AFURLConnectionOperation.h */ = {isa = PBXFileReference; fileEncoding = 4; lastKnownFileType = sourcecode.c.h; path = AFURLConnectionOperation.h; sourceTree = "<group>"; };
		B294C6C919907EE9003FE0AC /* AFURLConnectionOperation.m */ = {isa = PBXFileReference; fileEncoding = 4; lastKnownFileType = sourcecode.c.objc; path = AFURLConnectionOperation.m; sourceTree = "<group>"; };
		B294C6CA19907EE9003FE0AC /* AFXMLRequestOperation.h */ = {isa = PBXFileReference; fileEncoding = 4; lastKnownFileType = sourcecode.c.h; path = AFXMLRequestOperation.h; sourceTree = "<group>"; };
		B294C6CB19907EE9003FE0AC /* AFXMLRequestOperation.m */ = {isa = PBXFileReference; fileEncoding = 4; lastKnownFileType = sourcecode.c.objc; path = AFXMLRequestOperation.m; sourceTree = "<group>"; };
		B294C6CC19907EE9003FE0AC /* UIImageView+AFNetworking.h */ = {isa = PBXFileReference; fileEncoding = 4; lastKnownFileType = sourcecode.c.h; path = "UIImageView+AFNetworking.h"; sourceTree = "<group>"; };
		B294C6CD19907EE9003FE0AC /* UIImageView+AFNetworking.m */ = {isa = PBXFileReference; fileEncoding = 4; lastKnownFileType = sourcecode.c.objc; path = "UIImageView+AFNetworking.m"; sourceTree = "<group>"; };
		B294C6D619907EE9003FE0AC /* GoogleMaps.framework */ = {isa = PBXFileReference; lastKnownFileType = wrapper.framework; path = GoogleMaps.framework; sourceTree = "<group>"; };
		B294C71719907EE9003FE0AC /* NSDate+Relativity.h */ = {isa = PBXFileReference; fileEncoding = 4; lastKnownFileType = sourcecode.c.h; path = "NSDate+Relativity.h"; sourceTree = "<group>"; };
		B294C71819907EE9003FE0AC /* NSDate+Relativity.m */ = {isa = PBXFileReference; fileEncoding = 4; lastKnownFileType = sourcecode.c.objc; path = "NSDate+Relativity.m"; sourceTree = "<group>"; };
		B294C71A19907EE9003FE0AC /* NSString+Encryption.h */ = {isa = PBXFileReference; fileEncoding = 4; lastKnownFileType = sourcecode.c.h; path = "NSString+Encryption.h"; sourceTree = "<group>"; };
		B294C71B19907EE9003FE0AC /* NSString+Encryption.m */ = {isa = PBXFileReference; fileEncoding = 4; lastKnownFileType = sourcecode.c.objc; path = "NSString+Encryption.m"; sourceTree = "<group>"; };
		B294C71D19907EE9003FE0AC /* NSString+NamingConvention.h */ = {isa = PBXFileReference; fileEncoding = 4; lastKnownFileType = sourcecode.c.h; path = "NSString+NamingConvention.h"; sourceTree = "<group>"; };
		B294C71E19907EE9003FE0AC /* NSString+NamingConvention.m */ = {isa = PBXFileReference; fileEncoding = 4; lastKnownFileType = sourcecode.c.objc; path = "NSString+NamingConvention.m"; sourceTree = "<group>"; };
		B294C72019907EE9003FE0AC /* PDKeychainBindings.h */ = {isa = PBXFileReference; fileEncoding = 4; lastKnownFileType = sourcecode.c.h; path = PDKeychainBindings.h; sourceTree = "<group>"; };
		B294C72119907EE9003FE0AC /* PDKeychainBindings.m */ = {isa = PBXFileReference; fileEncoding = 4; lastKnownFileType = sourcecode.c.objc; path = PDKeychainBindings.m; sourceTree = "<group>"; };
		B294C72219907EE9003FE0AC /* PDKeychainBindingsController.h */ = {isa = PBXFileReference; fileEncoding = 4; lastKnownFileType = sourcecode.c.h; path = PDKeychainBindingsController.h; sourceTree = "<group>"; };
		B294C72319907EE9003FE0AC /* PDKeychainBindingsController.m */ = {isa = PBXFileReference; fileEncoding = 4; lastKnownFileType = sourcecode.c.objc; path = PDKeychainBindingsController.m; sourceTree = "<group>"; };
		B294C72519907EE9003FE0AC /* UIImage+ImageEffects.h */ = {isa = PBXFileReference; fileEncoding = 4; lastKnownFileType = sourcecode.c.h; path = "UIImage+ImageEffects.h"; sourceTree = "<group>"; };
		B294C72619907EE9003FE0AC /* UIImage+ImageEffects.m */ = {isa = PBXFileReference; fileEncoding = 4; lastKnownFileType = sourcecode.c.objc; path = "UIImage+ImageEffects.m"; sourceTree = "<group>"; };
		B294C72719907EE9003FE0AC /* UIImage+ImageUtils.h */ = {isa = PBXFileReference; fileEncoding = 4; lastKnownFileType = sourcecode.c.h; path = "UIImage+ImageUtils.h"; sourceTree = "<group>"; };
		B294C72819907EE9003FE0AC /* UIImage+ImageUtils.m */ = {isa = PBXFileReference; fileEncoding = 4; lastKnownFileType = sourcecode.c.objc; path = "UIImage+ImageUtils.m"; sourceTree = "<group>"; };
		B294C75019907FBA003FE0AC /* AABConstants.h */ = {isa = PBXFileReference; fileEncoding = 4; lastKnownFileType = sourcecode.c.h; path = AABConstants.h; sourceTree = "<group>"; };
		B294C75119907FBA003FE0AC /* AABConstants.m */ = {isa = PBXFileReference; fileEncoding = 4; lastKnownFileType = sourcecode.c.objc; path = AABConstants.m; sourceTree = "<group>"; };
		B294C75319908524003FE0AC /* AABAuthManager.h */ = {isa = PBXFileReference; fileEncoding = 4; lastKnownFileType = sourcecode.c.h; path = AABAuthManager.h; sourceTree = "<group>"; };
		B294C75419908524003FE0AC /* AABAuthManager.m */ = {isa = PBXFileReference; fileEncoding = 4; lastKnownFileType = sourcecode.c.objc; path = AABAuthManager.m; sourceTree = "<group>"; };
		B294C757199085B9003FE0AC /* AABUser.h */ = {isa = PBXFileReference; fileEncoding = 4; lastKnownFileType = sourcecode.c.h; path = AABUser.h; sourceTree = "<group>"; };
		B294C758199085B9003FE0AC /* AABUser.m */ = {isa = PBXFileReference; fileEncoding = 4; lastKnownFileType = sourcecode.c.objc; path = AABUser.m; sourceTree = "<group>"; };
		B294C75A19908972003FE0AC /* AABGPlace.h */ = {isa = PBXFileReference; fileEncoding = 4; lastKnownFileType = sourcecode.c.h; path = AABGPlace.h; sourceTree = "<group>"; };
		B294C75B19908972003FE0AC /* AABGPlace.m */ = {isa = PBXFileReference; fileEncoding = 4; lastKnownFileType = sourcecode.c.objc; path = AABGPlace.m; sourceTree = "<group>"; };
		B294C75D19908A2D003FE0AC /* AABGPlacesFetcher.h */ = {isa = PBXFileReference; fileEncoding = 4; lastKnownFileType = sourcecode.c.h; path = AABGPlacesFetcher.h; sourceTree = "<group>"; };
		B294C75E19908A2D003FE0AC /* AABGPlacesFetcher.m */ = {isa = PBXFileReference; fileEncoding = 4; lastKnownFileType = sourcecode.c.objc; path = AABGPlacesFetcher.m; sourceTree = "<group>"; };
		B294C76219931BE5003FE0AC /* Reachability.h */ = {isa = PBXFileReference; fileEncoding = 4; lastKnownFileType = sourcecode.c.h; path = Reachability.h; sourceTree = "<group>"; };
		B294C76319931BE5003FE0AC /* Reachability.m */ = {isa = PBXFileReference; fileEncoding = 4; lastKnownFileType = sourcecode.c.objc; path = Reachability.m; sourceTree = "<group>"; };
		B294C76519931D13003FE0AC /* Social.framework */ = {isa = PBXFileReference; lastKnownFileType = wrapper.framework; name = Social.framework; path = System/Library/Frameworks/Social.framework; sourceTree = SDKROOT; };
		B294C76719931D2E003FE0AC /* EventKit.framework */ = {isa = PBXFileReference; lastKnownFileType = wrapper.framework; name = EventKit.framework; path = System/Library/Frameworks/EventKit.framework; sourceTree = SDKROOT; };
		B294C76919931D3D003FE0AC /* EventKitUI.framework */ = {isa = PBXFileReference; lastKnownFileType = wrapper.framework; name = EventKitUI.framework; path = System/Library/Frameworks/EventKitUI.framework; sourceTree = SDKROOT; };
		B294C76B19931D5F003FE0AC /* libsystem_configuration.dylib */ = {isa = PBXFileReference; lastKnownFileType = "compiled.mach-o.dylib"; name = libsystem_configuration.dylib; path = usr/lib/system/libsystem_configuration.dylib; sourceTree = SDKROOT; };
		B294C76D19931D9D003FE0AC /* SystemConfiguration.framework */ = {isa = PBXFileReference; lastKnownFileType = wrapper.framework; name = SystemConfiguration.framework; path = System/Library/Frameworks/SystemConfiguration.framework; sourceTree = SDKROOT; };
		B294C76F19932FC7003FE0AC /* AABReminderViewController.h */ = {isa = PBXFileReference; fileEncoding = 4; lastKnownFileType = sourcecode.c.h; path = AABReminderViewController.h; sourceTree = "<group>"; };
		B294C77019932FC7003FE0AC /* AABReminderViewController.m */ = {isa = PBXFileReference; fileEncoding = 4; lastKnownFileType = sourcecode.c.objc; path = AABReminderViewController.m; sourceTree = "<group>"; };
		B294C77419945723003FE0AC /* IMFormCell.h */ = {isa = PBXFileReference; fileEncoding = 4; lastKnownFileType = sourcecode.c.h; path = IMFormCell.h; sourceTree = "<group>"; };
		B294C77519945723003FE0AC /* IMFormCell.m */ = {isa = PBXFileReference; fileEncoding = 4; lastKnownFileType = sourcecode.c.objc; path = IMFormCell.m; sourceTree = "<group>"; };
		B294C77619945723003FE0AC /* IMSSCheckMark.h */ = {isa = PBXFileReference; fileEncoding = 4; lastKnownFileType = sourcecode.c.h; path = IMSSCheckMark.h; sourceTree = "<group>"; };
		B294C77719945723003FE0AC /* IMSSCheckMark.m */ = {isa = PBXFileReference; fileEncoding = 4; lastKnownFileType = sourcecode.c.objc; path = IMSSCheckMark.m; sourceTree = "<group>"; };
		B294C77819945723003FE0AC /* MBProgressHUD.h */ = {isa = PBXFileReference; fileEncoding = 4; lastKnownFileType = sourcecode.c.h; path = MBProgressHUD.h; sourceTree = "<group>"; };
		B294C77919945723003FE0AC /* MBProgressHUD.m */ = {isa = PBXFileReference; fileEncoding = 4; lastKnownFileType = sourcecode.c.objc; path = MBProgressHUD.m; sourceTree = "<group>"; };
		B294C77D199457B8003FE0AC /* UIColor+IMMS.h */ = {isa = PBXFileReference; fileEncoding = 4; lastKnownFileType = sourcecode.c.h; path = "UIColor+IMMS.h"; sourceTree = "<group>"; };
		B294C77E199457B8003FE0AC /* UIColor+IMMS.m */ = {isa = PBXFileReference; fileEncoding = 4; lastKnownFileType = sourcecode.c.objc; path = "UIColor+IMMS.m"; sourceTree = "<group>"; };
		B294C77F199457B8003FE0AC /* UIFont+IMMS.h */ = {isa = PBXFileReference; fileEncoding = 4; lastKnownFileType = sourcecode.c.h; path = "UIFont+IMMS.h"; sourceTree = "<group>"; };
		B294C780199457B8003FE0AC /* UIFont+IMMS.m */ = {isa = PBXFileReference; fileEncoding = 4; lastKnownFileType = sourcecode.c.objc; path = "UIFont+IMMS.m"; sourceTree = "<group>"; };
		B294C78319945900003FE0AC /* AABReminderTableViewController.h */ = {isa = PBXFileReference; fileEncoding = 4; lastKnownFileType = sourcecode.c.h; path = AABReminderTableViewController.h; sourceTree = "<group>"; };
		B294C78419945900003FE0AC /* AABReminderTableViewController.m */ = {isa = PBXFileReference; fileEncoding = 4; lastKnownFileType = sourcecode.c.objc; path = AABReminderTableViewController.m; sourceTree = "<group>"; };
		B294C7861994BAED003FE0AC /* AABProfileTableViewController.h */ = {isa = PBXFileReference; fileEncoding = 4; lastKnownFileType = sourcecode.c.h; path = AABProfileTableViewController.h; sourceTree = "<group>"; };
		B294C7871994BAED003FE0AC /* AABProfileTableViewController.m */ = {isa = PBXFileReference; fileEncoding = 4; lastKnownFileType = sourcecode.c.objc; path = AABProfileTableViewController.m; sourceTree = "<group>"; };
		B294C7891995396A003FE0AC /* Constants.plist */ = {isa = PBXFileReference; fileEncoding = 4; lastKnownFileType = text.plist.xml; path = Constants.plist; sourceTree = "<group>"; };
		B294C78B199547DB003FE0AC /* AABTableViewController.h */ = {isa = PBXFileReference; fileEncoding = 4; lastKnownFileType = sourcecode.c.h; path = AABTableViewController.h; sourceTree = "<group>"; };
		B294C78C199547DB003FE0AC /* AABTableViewController.m */ = {isa = PBXFileReference; fileEncoding = 4; lastKnownFileType = sourcecode.c.objc; path = AABTableViewController.m; sourceTree = "<group>"; };
		B294C78E199549DF003FE0AC /* AABTableHeaderView.h */ = {isa = PBXFileReference; fileEncoding = 4; lastKnownFileType = sourcecode.c.h; path = AABTableHeaderView.h; sourceTree = "<group>"; };
		B294C78F199549DF003FE0AC /* AABTableHeaderView.m */ = {isa = PBXFileReference; fileEncoding = 4; lastKnownFileType = sourcecode.c.objc; path = AABTableHeaderView.m; sourceTree = "<group>"; };
		B294C79119954C76003FE0AC /* AABFormCell.h */ = {isa = PBXFileReference; fileEncoding = 4; lastKnownFileType = sourcecode.c.h; path = AABFormCell.h; sourceTree = "<group>"; };
		B294C79219954C76003FE0AC /* AABFormCell.m */ = {isa = PBXFileReference; fileEncoding = 4; lastKnownFileType = sourcecode.c.objc; path = AABFormCell.m; sourceTree = "<group>"; };
		B294C79419955245003FE0AC /* AABViewController.h */ = {isa = PBXFileReference; fileEncoding = 4; lastKnownFileType = sourcecode.c.h; path = AABViewController.h; sourceTree = "<group>"; };
		B294C79519955245003FE0AC /* AABViewController.m */ = {isa = PBXFileReference; fileEncoding = 4; lastKnownFileType = sourcecode.c.objc; path = AABViewController.m; sourceTree = "<group>"; };
		B294C7971995539E003FE0AC /* AABDatePickerVC.h */ = {isa = PBXFileReference; fileEncoding = 4; lastKnownFileType = sourcecode.c.h; path = AABDatePickerVC.h; sourceTree = "<group>"; };
		B294C7981995539E003FE0AC /* AABDatePickerVC.m */ = {isa = PBXFileReference; fileEncoding = 4; lastKnownFileType = sourcecode.c.objc; path = AABDatePickerVC.m; sourceTree = "<group>"; };
		B294C79A1997CD18003FE0AC /* AABVehicleViewController.h */ = {isa = PBXFileReference; fileEncoding = 4; lastKnownFileType = sourcecode.c.h; path = AABVehicleViewController.h; sourceTree = "<group>"; };
		B294C79B1997CD18003FE0AC /* AABVehicleViewController.m */ = {isa = PBXFileReference; fileEncoding = 4; lastKnownFileType = sourcecode.c.objc; path = AABVehicleViewController.m; sourceTree = "<group>"; };
		B294C79D1997CD40003FE0AC /* AABInsuranceViewController.h */ = {isa = PBXFileReference; fileEncoding = 4; lastKnownFileType = sourcecode.c.h; path = AABInsuranceViewController.h; sourceTree = "<group>"; };
		B294C79E1997CD40003FE0AC /* AABInsuranceViewController.m */ = {isa = PBXFileReference; fileEncoding = 4; lastKnownFileType = sourcecode.c.objc; path = AABInsuranceViewController.m; sourceTree = "<group>"; };
		B294C7A11997DD5E003FE0AC /* Model.xcdatamodel */ = {isa = PBXFileReference; lastKnownFileType = wrapper.xcdatamodel; path = Model.xcdatamodel; sourceTree = "<group>"; };
		B294C7B319989094003FE0AC /* Personal+Extended.h */ = {isa = PBXFileReference; fileEncoding = 4; lastKnownFileType = sourcecode.c.h; path = "Personal+Extended.h"; sourceTree = "<group>"; };
		B294C7B419989094003FE0AC /* Personal+Extended.m */ = {isa = PBXFileReference; fileEncoding = 4; lastKnownFileType = sourcecode.c.objc; path = "Personal+Extended.m"; sourceTree = "<group>"; };
		B294C7B6199890C7003FE0AC /* Personal+Export.h */ = {isa = PBXFileReference; fileEncoding = 4; lastKnownFileType = sourcecode.c.h; path = "Personal+Export.h"; sourceTree = "<group>"; };
		B294C7B7199890C7003FE0AC /* Personal+Export.m */ = {isa = PBXFileReference; fileEncoding = 4; lastKnownFileType = sourcecode.c.objc; path = "Personal+Export.m"; sourceTree = "<group>"; };
		B294C7B919989318003FE0AC /* AABDBManager.h */ = {isa = PBXFileReference; fileEncoding = 4; lastKnownFileType = sourcecode.c.h; path = AABDBManager.h; sourceTree = "<group>"; };
		B294C7BA19989318003FE0AC /* AABDBManager.m */ = {isa = PBXFileReference; fileEncoding = 4; lastKnownFileType = sourcecode.c.objc; path = AABDBManager.m; sourceTree = "<group>"; };
		B294C7BC199895C6003FE0AC /* AABBackgroundFetcher.h */ = {isa = PBXFileReference; fileEncoding = 4; lastKnownFileType = sourcecode.c.h; path = AABBackgroundFetcher.h; sourceTree = "<group>"; };
		B294C7BD199895C6003FE0AC /* AABBackgroundFetcher.m */ = {isa = PBXFileReference; fileEncoding = 4; lastKnownFileType = sourcecode.c.objc; path = AABBackgroundFetcher.m; sourceTree = "<group>"; };
		B294C7BF19989684003FE0AC /* AABDataFetcher.h */ = {isa = PBXFileReference; fileEncoding = 4; lastKnownFileType = sourcecode.c.h; path = AABDataFetcher.h; sourceTree = "<group>"; };
		B294C7C019989684003FE0AC /* AABDataFetcher.m */ = {isa = PBXFileReference; fileEncoding = 4; lastKnownFileType = sourcecode.c.objc; path = AABDataFetcher.m; sourceTree = "<group>"; };
		B294C7C219989EF6003FE0AC /* Vehicle+Extended.h */ = {isa = PBXFileReference; fileEncoding = 4; lastKnownFileType = sourcecode.c.h; path = "Vehicle+Extended.h"; sourceTree = "<group>"; };
		B294C7C319989EF6003FE0AC /* Vehicle+Extended.m */ = {isa = PBXFileReference; fileEncoding = 4; lastKnownFileType = sourcecode.c.objc; path = "Vehicle+Extended.m"; sourceTree = "<group>"; };
		B294C7C519989F10003FE0AC /* Insurance+Extended.h */ = {isa = PBXFileReference; fileEncoding = 4; lastKnownFileType = sourcecode.c.h; path = "Insurance+Extended.h"; sourceTree = "<group>"; };
		B294C7C619989F10003FE0AC /* Insurance+Extended.m */ = {isa = PBXFileReference; fileEncoding = 4; lastKnownFileType = sourcecode.c.objc; path = "Insurance+Extended.m"; sourceTree = "<group>"; };
		B294C7D11999A4EA003FE0AC /* Insurance.h */ = {isa = PBXFileReference; fileEncoding = 4; lastKnownFileType = sourcecode.c.h; path = Insurance.h; sourceTree = "<group>"; };
		B294C7D21999A4EA003FE0AC /* Insurance.m */ = {isa = PBXFileReference; fileEncoding = 4; lastKnownFileType = sourcecode.c.objc; path = Insurance.m; sourceTree = "<group>"; };
		B294C7D41999A4EB003FE0AC /* Vehicle.h */ = {isa = PBXFileReference; fileEncoding = 4; lastKnownFileType = sourcecode.c.h; path = Vehicle.h; sourceTree = "<group>"; };
		B294C7D51999A4EB003FE0AC /* Vehicle.m */ = {isa = PBXFileReference; fileEncoding = 4; lastKnownFileType = sourcecode.c.objc; path = Vehicle.m; sourceTree = "<group>"; };
		B294C7D71999A4EB003FE0AC /* Personal.h */ = {isa = PBXFileReference; fileEncoding = 4; lastKnownFileType = sourcecode.c.h; path = Personal.h; sourceTree = "<group>"; };
		B294C7D81999A4EB003FE0AC /* Personal.m */ = {isa = PBXFileReference; fileEncoding = 4; lastKnownFileType = sourcecode.c.objc; path = Personal.m; sourceTree = "<group>"; };
		B294C7DA1999AFC0003FE0AC /* Personal+Import.h */ = {isa = PBXFileReference; fileEncoding = 4; lastKnownFileType = sourcecode.c.h; path = "Personal+Import.h"; sourceTree = "<group>"; };
		B294C7DB1999AFC0003FE0AC /* Personal+Import.m */ = {isa = PBXFileReference; fileEncoding = 4; lastKnownFileType = sourcecode.c.objc; path = "Personal+Import.m"; sourceTree = "<group>"; };
		B294C7DD1999BE68003FE0AC /* Insurance+Import.h */ = {isa = PBXFileReference; fileEncoding = 4; lastKnownFileType = sourcecode.c.h; path = "Insurance+Import.h"; sourceTree = "<group>"; };
		B294C7DE1999BE68003FE0AC /* Insurance+Import.m */ = {isa = PBXFileReference; fileEncoding = 4; lastKnownFileType = sourcecode.c.objc; path = "Insurance+Import.m"; sourceTree = "<group>"; };
		B294C7E01999BE80003FE0AC /* Vehicle+Import.h */ = {isa = PBXFileReference; fileEncoding = 4; lastKnownFileType = sourcecode.c.h; path = "Vehicle+Import.h"; sourceTree = "<group>"; };
		B294C7E11999BE80003FE0AC /* Vehicle+Import.m */ = {isa = PBXFileReference; fileEncoding = 4; lastKnownFileType = sourcecode.c.objc; path = "Vehicle+Import.m"; sourceTree = "<group>"; };
		B294C7E31999DE7C003FE0AC /* Vehicle+Export.h */ = {isa = PBXFileReference; fileEncoding = 4; lastKnownFileType = sourcecode.c.h; path = "Vehicle+Export.h"; sourceTree = "<group>"; };
		B294C7E41999DE7C003FE0AC /* Vehicle+Export.m */ = {isa = PBXFileReference; fileEncoding = 4; lastKnownFileType = sourcecode.c.objc; path = "Vehicle+Export.m"; sourceTree = "<group>"; };
		B294C7E61999DE91003FE0AC /* Insurance+Export.h */ = {isa = PBXFileReference; fileEncoding = 4; lastKnownFileType = sourcecode.c.h; path = "Insurance+Export.h"; sourceTree = "<group>"; };
		B294C7E71999DE91003FE0AC /* Insurance+Export.m */ = {isa = PBXFileReference; fileEncoding = 4; lastKnownFileType = sourcecode.c.objc; path = "Insurance+Export.m"; sourceTree = "<group>"; };
		C8F6AB01199CCCB700A4F877 /* AABProfileVC.h */ = {isa = PBXFileReference; fileEncoding = 4; lastKnownFileType = sourcecode.c.h; path = AABProfileVC.h; sourceTree = "<group>"; };
		C8F6AB02199CCCB700A4F877 /* AABProfileVC.m */ = {isa = PBXFileReference; fileEncoding = 4; lastKnownFileType = sourcecode.c.objc; path = AABProfileVC.m; sourceTree = "<group>"; };
		C8F6AB05199CF25B00A4F877 /* AABProfileDetailVC.h */ = {isa = PBXFileReference; fileEncoding = 4; lastKnownFileType = sourcecode.c.h; path = AABProfileDetailVC.h; sourceTree = "<group>"; };
		C8F6AB06199CF25B00A4F877 /* AABProfileDetailVC.m */ = {isa = PBXFileReference; fileEncoding = 4; lastKnownFileType = sourcecode.c.objc; path = AABProfileDetailVC.m; sourceTree = "<group>"; };
		C8F6AB08199CF27900A4F877 /* AABVehicleDetailVC.h */ = {isa = PBXFileReference; fileEncoding = 4; lastKnownFileType = sourcecode.c.h; path = AABVehicleDetailVC.h; sourceTree = "<group>"; };
		C8F6AB09199CF27900A4F877 /* AABVehicleDetailVC.m */ = {isa = PBXFileReference; fileEncoding = 4; lastKnownFileType = sourcecode.c.objc; path = AABVehicleDetailVC.m; sourceTree = "<group>"; };
		C8F6AB0B199DC1B300A4F877 /* UIColor+AAB.h */ = {isa = PBXFileReference; fileEncoding = 4; lastKnownFileType = sourcecode.c.h; path = "UIColor+AAB.h"; sourceTree = "<group>"; };
		C8F6AB0C199DC1B300A4F877 /* UIColor+AAB.m */ = {isa = PBXFileReference; fileEncoding = 4; lastKnownFileType = sourcecode.c.objc; path = "UIColor+AAB.m"; sourceTree = "<group>"; };
		C8F6AB0E199DC1CB00A4F877 /* UIFont+AAB.h */ = {isa = PBXFileReference; fileEncoding = 4; lastKnownFileType = sourcecode.c.h; path = "UIFont+AAB.h"; sourceTree = "<group>"; };
		C8F6AB0F199DC1CB00A4F877 /* UIFont+AAB.m */ = {isa = PBXFileReference; fileEncoding = 4; lastKnownFileType = sourcecode.c.objc; path = "UIFont+AAB.m"; sourceTree = "<group>"; };
/* End PBXFileReference section */

/* Begin PBXFrameworksBuildPhase section */
		B274BD79198F7738001FBFDC /* Frameworks */ = {
			isa = PBXFrameworksBuildPhase;
			buildActionMask = 2147483647;
			files = (
				B294C76E19931D9D003FE0AC /* SystemConfiguration.framework in Frameworks */,
				B294C76A19931D3D003FE0AC /* EventKitUI.framework in Frameworks */,
				B294C76819931D2E003FE0AC /* EventKit.framework in Frameworks */,
				B294C76619931D13003FE0AC /* Social.framework in Frameworks */,
				B274BD82198F7738001FBFDC /* CoreGraphics.framework in Frameworks */,
				B274BD84198F7738001FBFDC /* UIKit.framework in Frameworks */,
				B274BD80198F7738001FBFDC /* Foundation.framework in Frameworks */,
				B294C73419907EE9003FE0AC /* GoogleMaps.framework in Frameworks */,
			);
			runOnlyForDeploymentPostprocessing = 0;
		};
		B274BD9D198F7738001FBFDC /* Frameworks */ = {
			isa = PBXFrameworksBuildPhase;
			buildActionMask = 2147483647;
			files = (
				B274BDA2198F7738001FBFDC /* XCTest.framework in Frameworks */,
				B274BDA4198F7738001FBFDC /* UIKit.framework in Frameworks */,
				B274BDA3198F7738001FBFDC /* Foundation.framework in Frameworks */,
			);
			runOnlyForDeploymentPostprocessing = 0;
		};
/* End PBXFrameworksBuildPhase section */

/* Begin PBXGroup section */
		B21A1B69199BB6C900420BFB /* FPPopover */ = {
			isa = PBXGroup;
			children = (
				B21A1B81199BBE8200420BFB /* Demo */,
				B21A1B6A199BB6C900420BFB /* ARCMacros.h */,
				B21A1B6B199BB6C900420BFB /* FPPopoverController.h */,
				B21A1B6C199BB6C900420BFB /* FPPopoverController.m */,
				B21A1B6D199BB6C900420BFB /* FPPopoverView.h */,
				B21A1B6E199BB6C900420BFB /* FPPopoverView.m */,
				B21A1B6F199BB6C900420BFB /* FPTouchView.h */,
				B21A1B70199BB6C900420BFB /* FPTouchView.m */,
				B21A1B71199BB6C900420BFB /* LICENSE */,
				B21A1B72199BB6C900420BFB /* Readme.md */,
			);
			path = FPPopover;
			sourceTree = "<group>";
		};
		B21A1B81199BBE8200420BFB /* Demo */ = {
			isa = PBXGroup;
			children = (
				B21A1B8E199BBFE100420BFB /* DemoTableController.h */,
				B21A1B8F199BBFE100420BFB /* DemoTableController.m */,
				B21A1B82199BBF1000420BFB /* FPDemoTableViewController.h */,
				B21A1B83199BBF1000420BFB /* FPDemoTableViewController.m */,
				B21A1B86199BBF1000420BFB /* FPPopoverKeyboardResponsiveController.h */,
				B21A1B87199BBF1000420BFB /* FPPopoverKeyboardResponsiveController.m */,
				B21A1B88199BBF1000420BFB /* FPViewController.h */,
				B21A1B89199BBF1000420BFB /* FPViewController.m */,
			);
			name = Demo;
			sourceTree = "<group>";
		};
		B21A1B97199C6BA400420BFB /* Edit Profile */ = {
			isa = PBXGroup;
			children = (
				B21A1B91199BE17200420BFB /* AABPersonalInformationViewController.h */,
				B21A1B92199BE17200420BFB /* AABPersonalInformationViewController.m */,
				B21A1B94199BE2E100420BFB /* AABPersonalViewController.h */,
				B21A1B95199BE2E100420BFB /* AABPersonalViewController.m */,
			);
			name = "Edit Profile";
			sourceTree = "<group>";
		};
		B274BD73198F7738001FBFDC = {
			isa = PBXGroup;
			children = (
				B274BD85198F7738001FBFDC /* otocare */,
				B274BDA7198F7738001FBFDC /* otocareTests */,
				B274BD7E198F7738001FBFDC /* Frameworks */,
				B274BD7D198F7738001FBFDC /* Products */,
			);
			sourceTree = "<group>";
		};
		B274BD7D198F7738001FBFDC /* Products */ = {
			isa = PBXGroup;
			children = (
				B274BD7C198F7738001FBFDC /* otocare.app */,
				B274BDA0198F7738001FBFDC /* otocareTests.xctest */,
			);
			name = Products;
			sourceTree = "<group>";
		};
		B274BD7E198F7738001FBFDC /* Frameworks */ = {
			isa = PBXGroup;
			children = (
				B294C76D19931D9D003FE0AC /* SystemConfiguration.framework */,
				B294C76B19931D5F003FE0AC /* libsystem_configuration.dylib */,
				B294C76919931D3D003FE0AC /* EventKitUI.framework */,
				B294C76719931D2E003FE0AC /* EventKit.framework */,
				B294C76519931D13003FE0AC /* Social.framework */,
				B274BD7F198F7738001FBFDC /* Foundation.framework */,
				B274BD81198F7738001FBFDC /* CoreGraphics.framework */,
				B274BD83198F7738001FBFDC /* UIKit.framework */,
				B274BDA1198F7738001FBFDC /* XCTest.framework */,
			);
			name = Frameworks;
			sourceTree = "<group>";
		};
		B274BD85198F7738001FBFDC /* otocare */ = {
			isa = PBXGroup;
			children = (
				B294C77319945723003FE0AC /* Custom Components */,
				B294C75619908590003FE0AC /* Core Data */,
				B294C6B919907EE9003FE0AC /* Libraries */,
				B294C6AF19907D11003FE0AC /* Logic */,
				B294C69819907829003FE0AC /* View Controllers */,
				B274BD8E198F7738001FBFDC /* AABAppDelegate.h */,
				B274BD8F198F7738001FBFDC /* AABAppDelegate.m */,
				B274BD91198F7738001FBFDC /* Main.storyboard */,
				B274BD9A198F7738001FBFDC /* Images.xcassets */,
				B274BD86198F7738001FBFDC /* Supporting Files */,
				B294C7A01997DD5E003FE0AC /* Model.xcdatamodeld */,
			);
			path = otocare;
			sourceTree = "<group>";
		};
		B274BD86198F7738001FBFDC /* Supporting Files */ = {
			isa = PBXGroup;
			children = (
				B274BD87198F7738001FBFDC /* otocare-Info.plist */,
				B274BD88198F7738001FBFDC /* InfoPlist.strings */,
				B274BD8B198F7738001FBFDC /* main.m */,
				B274BD8D198F7738001FBFDC /* otocare-Prefix.pch */,
				B294C7891995396A003FE0AC /* Constants.plist */,
			);
			name = "Supporting Files";
			sourceTree = "<group>";
		};
		B274BDA7198F7738001FBFDC /* otocareTests */ = {
			isa = PBXGroup;
			children = (
				B274BDAD198F7738001FBFDC /* otocareTests.m */,
				B274BDA8198F7738001FBFDC /* Supporting Files */,
			);
			path = otocareTests;
			sourceTree = "<group>";
		};
		B274BDA8198F7738001FBFDC /* Supporting Files */ = {
			isa = PBXGroup;
			children = (
				B274BDA9198F7738001FBFDC /* otocareTests-Info.plist */,
				B274BDAA198F7738001FBFDC /* InfoPlist.strings */,
			);
			name = "Supporting Files";
			sourceTree = "<group>";
		};
		B27EF0C7199B87E10003C261 /* Shared View Controllers */ = {
			isa = PBXGroup;
			children = (
				B21A1B69199BB6C900420BFB /* FPPopover */,
				B27EF0C8199B88360003C261 /* AABOptionChooserViewController.h */,
				B27EF0C9199B88360003C261 /* AABOptionChooserViewController.m */,
			);
			name = "Shared View Controllers";
			sourceTree = "<group>";
		};
		B294C69819907829003FE0AC /* View Controllers */ = {
			isa = PBXGroup;
			children = (
				B27EF0C7199B87E10003C261 /* Shared View Controllers */,
				B294C69D19907893003FE0AC /* Setting */,
				B294C69C19907889003FE0AC /* Knowledge */,
				B294C69B1990787F003FE0AC /* Near Me */,
				B294C69A19907876003FE0AC /* Profile */,
				B294C69919907841003FE0AC /* Home */,
			);
			name = "View Controllers";
			sourceTree = "<group>";
		};
		B294C69919907841003FE0AC /* Home */ = {
			isa = PBXGroup;
			children = (
				B294C7601991C779003FE0AC /* reminder */,
				B294C692198F8748003FE0AC /* AABHomePartTwo.h */,
				B294C693198F8748003FE0AC /* AABHomePartTwo.m */,
				B294C695198F8764003FE0AC /* AABHomePartThree.h */,
				B294C696198F8764003FE0AC /* AABHomePartThree.m */,
				B274BD94198F7738001FBFDC /* AABFirstViewController.h */,
				B274BD95198F7738001FBFDC /* AABFirstViewController.m */,
				B274BDB7198F8183001FBFDC /* AABHomePartOne.h */,
				B294C690198F8662003FE0AC /* HomeView.xib */,
				B274BDB8198F8183001FBFDC /* AABHomePartOne.m */,
				B294C69E199079B3003FE0AC /* AABHomeViewController.h */,
				B294C69F199079B3003FE0AC /* AABHomeViewController.m */,
				B294C6A0199079B3003FE0AC /* AABHomeViewController.xib */,
			);
			name = Home;
			sourceTree = "<group>";
		};
		B294C69A19907876003FE0AC /* Profile */ = {
			isa = PBXGroup;
			children = (
				C8F6AB13199DE8A500A4F877 /* Insurance */,
				C8F6AB12199DE89B00A4F877 /* Vehicle */,
				C8F6AB11199DE6FE00A4F877 /* Personal */,
				C8F6AB04199CCCBC00A4F877 /* Main */,
				B21A1B97199C6BA400420BFB /* Edit Profile */,
				B274BD97198F7738001FBFDC /* AABSecondViewController.h */,
				B274BD98198F7738001FBFDC /* AABSecondViewController.m */,
			);
			name = Profile;
			sourceTree = "<group>";
		};
		B294C69B1990787F003FE0AC /* Near Me */ = {
			isa = PBXGroup;
			children = (
				B294C6A919907A0B003FE0AC /* AABNearMeViewController.h */,
				B294C6AA19907A0B003FE0AC /* AABNearMeViewController.m */,
			);
			name = "Near Me";
			sourceTree = "<group>";
		};
		B294C69C19907889003FE0AC /* Knowledge */ = {
			isa = PBXGroup;
			children = (
				B294C6A6199079FC003FE0AC /* AABKnowledgeViewController.h */,
				B294C6A7199079FC003FE0AC /* AABKnowledgeViewController.m */,
			);
			name = Knowledge;
			sourceTree = "<group>";
		};
		B294C69D19907893003FE0AC /* Setting */ = {
			isa = PBXGroup;
			children = (
				B294C6A3199079E6003FE0AC /* AABSettingViewController.h */,
				B294C6A4199079E6003FE0AC /* AABSettingViewController.m */,
			);
			name = Setting;
			sourceTree = "<group>";
		};
		B294C6AF19907D11003FE0AC /* Logic */ = {
			isa = PBXGroup;
			children = (
				B294C6B319907D3D003FE0AC /* Network */,
				B294C6B219907D36003FE0AC /* Managers */,
				B294C6B119907D2B003FE0AC /* Data Updater */,
				B294C6B019907D1B003FE0AC /* Data Fetcher */,
				B294C75019907FBA003FE0AC /* AABConstants.h */,
				B294C75119907FBA003FE0AC /* AABConstants.m */,
			);
			name = Logic;
			sourceTree = "<group>";
		};
		B294C6B019907D1B003FE0AC /* Data Fetcher */ = {
			isa = PBXGroup;
			children = (
				B294C7BC199895C6003FE0AC /* AABBackgroundFetcher.h */,
				B294C7BD199895C6003FE0AC /* AABBackgroundFetcher.m */,
				B294C7BF19989684003FE0AC /* AABDataFetcher.h */,
				B294C7C019989684003FE0AC /* AABDataFetcher.m */,
			);
			name = "Data Fetcher";
			sourceTree = "<group>";
		};
		B294C6B119907D2B003FE0AC /* Data Updater */ = {
			isa = PBXGroup;
			children = (
			);
			name = "Data Updater";
			sourceTree = "<group>";
		};
		B294C6B219907D36003FE0AC /* Managers */ = {
			isa = PBXGroup;
			children = (
				B294C75319908524003FE0AC /* AABAuthManager.h */,
				B294C75419908524003FE0AC /* AABAuthManager.m */,
				B294C7B919989318003FE0AC /* AABDBManager.h */,
				B294C7BA19989318003FE0AC /* AABDBManager.m */,
			);
			name = Managers;
			sourceTree = "<group>";
		};
		B294C6B319907D3D003FE0AC /* Network */ = {
			isa = PBXGroup;
			children = (
				B294C76119931BE5003FE0AC /* Reachability */,
				B294C6B419907D95003FE0AC /* AABHTTPClient.h */,
				B294C6B519907D95003FE0AC /* AABHTTPClient.m */,
				B294C75A19908972003FE0AC /* AABGPlace.h */,
				B294C75B19908972003FE0AC /* AABGPlace.m */,
				B294C75D19908A2D003FE0AC /* AABGPlacesFetcher.h */,
				B294C75E19908A2D003FE0AC /* AABGPlacesFetcher.m */,
			);
			name = Network;
			sourceTree = "<group>";
		};
		B294C6B919907EE9003FE0AC /* Libraries */ = {
			isa = PBXGroup;
			children = (
				B294C6BA19907EE9003FE0AC /* AFNetworking */,
				B294C6D619907EE9003FE0AC /* GoogleMaps.framework */,
				B294C71619907EE9003FE0AC /* NSDate+Relativity */,
				B294C71919907EE9003FE0AC /* NSString+Encryption */,
				B294C71C19907EE9003FE0AC /* NSString+NamingConvention */,
				B294C71F19907EE9003FE0AC /* PDKeychainBindingsController */,
				B294C72419907EE9003FE0AC /* UIImage+ImageUtils */,
			);
			path = Libraries;
			sourceTree = "<group>";
		};
		B294C6BA19907EE9003FE0AC /* AFNetworking */ = {
			isa = PBXGroup;
			children = (
				B294C6BB19907EE9003FE0AC /* AFHTTPClient.h */,
				B294C6BC19907EE9003FE0AC /* AFHTTPClient.m */,
				B294C6BD19907EE9003FE0AC /* AFHTTPRequestOperation.h */,
				B294C6BE19907EE9003FE0AC /* AFHTTPRequestOperation.m */,
				B294C6BF19907EE9003FE0AC /* AFImageRequestOperation.h */,
				B294C6C019907EE9003FE0AC /* AFImageRequestOperation.m */,
				B294C6C119907EE9003FE0AC /* AFJSONRequestOperation.h */,
				B294C6C219907EE9003FE0AC /* AFJSONRequestOperation.m */,
				B294C6C319907EE9003FE0AC /* AFNetworkActivityIndicatorManager.h */,
				B294C6C419907EE9003FE0AC /* AFNetworkActivityIndicatorManager.m */,
				B294C6C519907EE9003FE0AC /* AFNetworking.h */,
				B294C6C619907EE9003FE0AC /* AFPropertyListRequestOperation.h */,
				B294C6C719907EE9003FE0AC /* AFPropertyListRequestOperation.m */,
				B294C6C819907EE9003FE0AC /* AFURLConnectionOperation.h */,
				B294C6C919907EE9003FE0AC /* AFURLConnectionOperation.m */,
				B294C6CA19907EE9003FE0AC /* AFXMLRequestOperation.h */,
				B294C6CB19907EE9003FE0AC /* AFXMLRequestOperation.m */,
				B294C6CC19907EE9003FE0AC /* UIImageView+AFNetworking.h */,
				B294C6CD19907EE9003FE0AC /* UIImageView+AFNetworking.m */,
			);
			path = AFNetworking;
			sourceTree = "<group>";
		};
		B294C71619907EE9003FE0AC /* NSDate+Relativity */ = {
			isa = PBXGroup;
			children = (
				B294C71719907EE9003FE0AC /* NSDate+Relativity.h */,
				B294C71819907EE9003FE0AC /* NSDate+Relativity.m */,
			);
			path = "NSDate+Relativity";
			sourceTree = "<group>";
		};
		B294C71919907EE9003FE0AC /* NSString+Encryption */ = {
			isa = PBXGroup;
			children = (
				B294C71A19907EE9003FE0AC /* NSString+Encryption.h */,
				B294C71B19907EE9003FE0AC /* NSString+Encryption.m */,
			);
			path = "NSString+Encryption";
			sourceTree = "<group>";
		};
		B294C71C19907EE9003FE0AC /* NSString+NamingConvention */ = {
			isa = PBXGroup;
			children = (
				B294C71D19907EE9003FE0AC /* NSString+NamingConvention.h */,
				B294C71E19907EE9003FE0AC /* NSString+NamingConvention.m */,
			);
			path = "NSString+NamingConvention";
			sourceTree = "<group>";
		};
		B294C71F19907EE9003FE0AC /* PDKeychainBindingsController */ = {
			isa = PBXGroup;
			children = (
				B294C72019907EE9003FE0AC /* PDKeychainBindings.h */,
				B294C72119907EE9003FE0AC /* PDKeychainBindings.m */,
				B294C72219907EE9003FE0AC /* PDKeychainBindingsController.h */,
				B294C72319907EE9003FE0AC /* PDKeychainBindingsController.m */,
			);
			path = PDKeychainBindingsController;
			sourceTree = "<group>";
		};
		B294C72419907EE9003FE0AC /* UIImage+ImageUtils */ = {
			isa = PBXGroup;
			children = (
				B294C72519907EE9003FE0AC /* UIImage+ImageEffects.h */,
				B294C72619907EE9003FE0AC /* UIImage+ImageEffects.m */,
				B294C72719907EE9003FE0AC /* UIImage+ImageUtils.h */,
				B294C72819907EE9003FE0AC /* UIImage+ImageUtils.m */,
			);
			path = "UIImage+ImageUtils";
			sourceTree = "<group>";
		};
		B294C75619908590003FE0AC /* Core Data */ = {
			isa = PBXGroup;
			children = (
				B294C7B21998906F003FE0AC /* extended */,
				B294C7AE199859ED003FE0AC /* import */,
				B294C7AD199859E2003FE0AC /* export */,
				B294C7A319984D00003FE0AC /* Generated Classses */,
				B294C757199085B9003FE0AC /* AABUser.h */,
				B294C758199085B9003FE0AC /* AABUser.m */,
			);
			name = "Core Data";
			sourceTree = "<group>";
		};
		B294C7601991C779003FE0AC /* reminder */ = {
			isa = PBXGroup;
			children = (
				B294C76F19932FC7003FE0AC /* AABReminderViewController.h */,
				B294C77019932FC7003FE0AC /* AABReminderViewController.m */,
				B294C78319945900003FE0AC /* AABReminderTableViewController.h */,
				B294C78419945900003FE0AC /* AABReminderTableViewController.m */,
			);
			name = reminder;
			sourceTree = "<group>";
		};
		B294C76119931BE5003FE0AC /* Reachability */ = {
			isa = PBXGroup;
			children = (
				B294C76219931BE5003FE0AC /* Reachability.h */,
				B294C76319931BE5003FE0AC /* Reachability.m */,
			);
			path = Reachability;
			sourceTree = "<group>";
		};
		B294C77319945723003FE0AC /* Custom Components */ = {
			isa = PBXGroup;
			children = (
				B294C77D199457B8003FE0AC /* UIColor+IMMS.h */,
				B294C77E199457B8003FE0AC /* UIColor+IMMS.m */,
				B294C77F199457B8003FE0AC /* UIFont+IMMS.h */,
				B294C780199457B8003FE0AC /* UIFont+IMMS.m */,
				B294C77419945723003FE0AC /* IMFormCell.h */,
				B294C77519945723003FE0AC /* IMFormCell.m */,
				B294C77619945723003FE0AC /* IMSSCheckMark.h */,
				B294C77719945723003FE0AC /* IMSSCheckMark.m */,
				B294C77819945723003FE0AC /* MBProgressHUD.h */,
				B294C77919945723003FE0AC /* MBProgressHUD.m */,
				B294C78B199547DB003FE0AC /* AABTableViewController.h */,
				B294C78C199547DB003FE0AC /* AABTableViewController.m */,
				B294C78E199549DF003FE0AC /* AABTableHeaderView.h */,
				B294C78F199549DF003FE0AC /* AABTableHeaderView.m */,
				B294C79119954C76003FE0AC /* AABFormCell.h */,
				B294C79219954C76003FE0AC /* AABFormCell.m */,
				B294C79419955245003FE0AC /* AABViewController.h */,
				B294C79519955245003FE0AC /* AABViewController.m */,
				B294C7971995539E003FE0AC /* AABDatePickerVC.h */,
				B294C7981995539E003FE0AC /* AABDatePickerVC.m */,
				C8F6AB0B199DC1B300A4F877 /* UIColor+AAB.h */,
				C8F6AB0C199DC1B300A4F877 /* UIColor+AAB.m */,
				C8F6AB0E199DC1CB00A4F877 /* UIFont+AAB.h */,
				C8F6AB0F199DC1CB00A4F877 /* UIFont+AAB.m */,
			);
			path = "Custom Components";
			sourceTree = "<group>";
		};
		B294C7A319984D00003FE0AC /* Generated Classses */ = {
			isa = PBXGroup;
			children = (
				B294C7D71999A4EB003FE0AC /* Personal.h */,
				B294C7D81999A4EB003FE0AC /* Personal.m */,
				B294C7D41999A4EB003FE0AC /* Vehicle.h */,
				B294C7D51999A4EB003FE0AC /* Vehicle.m */,
				B294C7D11999A4EA003FE0AC /* Insurance.h */,
				B294C7D21999A4EA003FE0AC /* Insurance.m */,
			);
			name = "Generated Classses";
			sourceTree = "<group>";
		};
		B294C7AD199859E2003FE0AC /* export */ = {
			isa = PBXGroup;
			children = (
				B294C7B6199890C7003FE0AC /* Personal+Export.h */,
				B294C7B7199890C7003FE0AC /* Personal+Export.m */,
				B294C7E31999DE7C003FE0AC /* Vehicle+Export.h */,
				B294C7E41999DE7C003FE0AC /* Vehicle+Export.m */,
				B294C7E61999DE91003FE0AC /* Insurance+Export.h */,
				B294C7E71999DE91003FE0AC /* Insurance+Export.m */,
			);
			name = export;
			sourceTree = "<group>";
		};
		B294C7AE199859ED003FE0AC /* import */ = {
			isa = PBXGroup;
			children = (
				B294C7DA1999AFC0003FE0AC /* Personal+Import.h */,
				B294C7DB1999AFC0003FE0AC /* Personal+Import.m */,
				B294C7DD1999BE68003FE0AC /* Insurance+Import.h */,
				B294C7DE1999BE68003FE0AC /* Insurance+Import.m */,
				B294C7E01999BE80003FE0AC /* Vehicle+Import.h */,
				B294C7E11999BE80003FE0AC /* Vehicle+Import.m */,
			);
			name = import;
			sourceTree = "<group>";
		};
		B294C7B21998906F003FE0AC /* extended */ = {
			isa = PBXGroup;
			children = (
				B294C7B319989094003FE0AC /* Personal+Extended.h */,
				B294C7B419989094003FE0AC /* Personal+Extended.m */,
				B294C7C219989EF6003FE0AC /* Vehicle+Extended.h */,
				B294C7C319989EF6003FE0AC /* Vehicle+Extended.m */,
				B294C7C519989F10003FE0AC /* Insurance+Extended.h */,
				B294C7C619989F10003FE0AC /* Insurance+Extended.m */,
			);
			name = extended;
			sourceTree = "<group>";
		};
		C8F6AB04199CCCBC00A4F877 /* Main */ = {
			isa = PBXGroup;
			children = (
				C8F6AB01199CCCB700A4F877 /* AABProfileVC.h */,
				C8F6AB02199CCCB700A4F877 /* AABProfileVC.m */,
				C8F6AB05199CF25B00A4F877 /* AABProfileDetailVC.h */,
				C8F6AB06199CF25B00A4F877 /* AABProfileDetailVC.m */,
				C8F6AB08199CF27900A4F877 /* AABVehicleDetailVC.h */,
				C8F6AB09199CF27900A4F877 /* AABVehicleDetailVC.m */,
			);
			name = Main;
			sourceTree = "<group>";
		};
		C8F6AB11199DE6FE00A4F877 /* Personal */ = {
			isa = PBXGroup;
			children = (
				B294C6AC19907A1F003FE0AC /* AABProfileViewController.h */,
				B294C6AD19907A1F003FE0AC /* AABProfileViewController.m */,
				B294C7861994BAED003FE0AC /* AABProfileTableViewController.h */,
				B294C7871994BAED003FE0AC /* AABProfileTableViewController.m */,
			);
			name = Personal;
			sourceTree = "<group>";
		};
		C8F6AB12199DE89B00A4F877 /* Vehicle */ = {
			isa = PBXGroup;
			children = (
				B294C79A1997CD18003FE0AC /* AABVehicleViewController.h */,
				B294C79B1997CD18003FE0AC /* AABVehicleViewController.m */,
			);
			name = Vehicle;
			sourceTree = "<group>";
		};
		C8F6AB13199DE8A500A4F877 /* Insurance */ = {
			isa = PBXGroup;
			children = (
				B294C79D1997CD40003FE0AC /* AABInsuranceViewController.h */,
				B294C79E1997CD40003FE0AC /* AABInsuranceViewController.m */,
			);
			name = Insurance;
			sourceTree = "<group>";
		};
/* End PBXGroup section */

/* Begin PBXNativeTarget section */
		B274BD7B198F7738001FBFDC /* otocare */ = {
			isa = PBXNativeTarget;
			buildConfigurationList = B274BDB1198F7738001FBFDC /* Build configuration list for PBXNativeTarget "otocare" */;
			buildPhases = (
				B274BD78198F7738001FBFDC /* Sources */,
				B274BD79198F7738001FBFDC /* Frameworks */,
				B274BD7A198F7738001FBFDC /* Resources */,
			);
			buildRules = (
			);
			dependencies = (
			);
			name = otocare;
			productName = otocare;
			productReference = B274BD7C198F7738001FBFDC /* otocare.app */;
			productType = "com.apple.product-type.application";
		};
		B274BD9F198F7738001FBFDC /* otocareTests */ = {
			isa = PBXNativeTarget;
			buildConfigurationList = B274BDB4198F7738001FBFDC /* Build configuration list for PBXNativeTarget "otocareTests" */;
			buildPhases = (
				B274BD9C198F7738001FBFDC /* Sources */,
				B274BD9D198F7738001FBFDC /* Frameworks */,
				B274BD9E198F7738001FBFDC /* Resources */,
			);
			buildRules = (
			);
			dependencies = (
				B274BDA6198F7738001FBFDC /* PBXTargetDependency */,
			);
			name = otocareTests;
			productName = otocareTests;
			productReference = B274BDA0198F7738001FBFDC /* otocareTests.xctest */;
			productType = "com.apple.product-type.bundle.unit-test";
		};
/* End PBXNativeTarget section */

/* Begin PBXProject section */
		B274BD74198F7738001FBFDC /* Project object */ = {
			isa = PBXProject;
			attributes = {
				CLASSPREFIX = AAB;
				LastUpgradeCheck = 0510;
				ORGANIZATIONNAME = "PT. Asuransi Astra Buana";
				TargetAttributes = {
					B274BD7B198F7738001FBFDC = {
						DevelopmentTeam = AXXR869V3V;
					};
					B274BD9F198F7738001FBFDC = {
						TestTargetID = B274BD7B198F7738001FBFDC;
					};
				};
			};
			buildConfigurationList = B274BD77198F7738001FBFDC /* Build configuration list for PBXProject "otocare" */;
			compatibilityVersion = "Xcode 3.2";
			developmentRegion = English;
			hasScannedForEncodings = 0;
			knownRegions = (
				en,
				Base,
			);
			mainGroup = B274BD73198F7738001FBFDC;
			productRefGroup = B274BD7D198F7738001FBFDC /* Products */;
			projectDirPath = "";
			projectRoot = "";
			targets = (
				B274BD7B198F7738001FBFDC /* otocare */,
				B274BD9F198F7738001FBFDC /* otocareTests */,
			);
		};
/* End PBXProject section */

/* Begin PBXResourcesBuildPhase section */
		B274BD7A198F7738001FBFDC /* Resources */ = {
			isa = PBXResourcesBuildPhase;
			buildActionMask = 2147483647;
			files = (
				B274BD9B198F7738001FBFDC /* Images.xcassets in Resources */,
				B294C691198F8662003FE0AC /* HomeView.xib in Resources */,
				B294C78A1995396A003FE0AC /* Constants.plist in Resources */,
				B21A1B76199BB6C900420BFB /* LICENSE in Resources */,
				B274BD8A198F7738001FBFDC /* InfoPlist.strings in Resources */,
				B294C6A2199079B3003FE0AC /* AABHomeViewController.xib in Resources */,
				B21A1B77199BB6C900420BFB /* Readme.md in Resources */,
				B274BD93198F7738001FBFDC /* Main.storyboard in Resources */,
			);
			runOnlyForDeploymentPostprocessing = 0;
		};
		B274BD9E198F7738001FBFDC /* Resources */ = {
			isa = PBXResourcesBuildPhase;
			buildActionMask = 2147483647;
			files = (
				B274BDAC198F7738001FBFDC /* InfoPlist.strings in Resources */,
			);
			runOnlyForDeploymentPostprocessing = 0;
		};
/* End PBXResourcesBuildPhase section */

/* Begin PBXSourcesBuildPhase section */
		B274BD78198F7738001FBFDC /* Sources */ = {
			isa = PBXSourcesBuildPhase;
			buildActionMask = 2147483647;
			files = (
				B294C79319954C76003FE0AC /* AABFormCell.m in Sources */,
				B294C78519945900003FE0AC /* AABReminderTableViewController.m in Sources */,
				B294C6B619907D95003FE0AC /* AABHTTPClient.m in Sources */,
				B274BD8C198F7738001FBFDC /* main.m in Sources */,
				B294C6AE19907A1F003FE0AC /* AABProfileViewController.m in Sources */,
				B294C7991995539E003FE0AC /* AABDatePickerVC.m in Sources */,
				B294C694198F8748003FE0AC /* AABHomePartTwo.m in Sources */,
				B294C72F19907EE9003FE0AC /* AFURLConnectionOperation.m in Sources */,
				B294C7A21997DD5E003FE0AC /* Model.xcdatamodeld in Sources */,
				B21A1B90199BBFE100420BFB /* DemoTableController.m in Sources */,
				C8F6AB0A199CF27900A4F877 /* AABVehicleDetailVC.m in Sources */,
				B294C79F1997CD40003FE0AC /* AABInsuranceViewController.m in Sources */,
				B294C782199457B8003FE0AC /* UIFont+IMMS.m in Sources */,
				C8F6AB10199DC1CB00A4F877 /* UIFont+AAB.m in Sources */,
				B294C697198F8764003FE0AC /* AABHomePartThree.m in Sources */,
				B21A1B96199BE2E100420BFB /* AABPersonalViewController.m in Sources */,
				B294C7C419989EF6003FE0AC /* Vehicle+Extended.m in Sources */,
				B294C7B519989094003FE0AC /* Personal+Extended.m in Sources */,
				B294C79619955245003FE0AC /* AABViewController.m in Sources */,
				B294C75F19908A2D003FE0AC /* AABGPlacesFetcher.m in Sources */,
				B294C790199549DF003FE0AC /* AABTableHeaderView.m in Sources */,
				B294C7E21999BE80003FE0AC /* Vehicle+Import.m in Sources */,
				B294C72919907EE9003FE0AC /* AFHTTPClient.m in Sources */,
				B294C759199085B9003FE0AC /* AABUser.m in Sources */,
				B294C72E19907EE9003FE0AC /* AFPropertyListRequestOperation.m in Sources */,
				B274BD96198F7738001FBFDC /* AABFirstViewController.m in Sources */,
				B294C75519908524003FE0AC /* AABAuthManager.m in Sources */,
				B294C7DF1999BE68003FE0AC /* Insurance+Import.m in Sources */,
				B294C78D199547DB003FE0AC /* AABTableViewController.m in Sources */,
				B294C74D19907EE9003FE0AC /* PDKeychainBindingsController.m in Sources */,
				B294C73119907EE9003FE0AC /* UIImageView+AFNetworking.m in Sources */,
				B294C74919907EE9003FE0AC /* NSDate+Relativity.m in Sources */,
				B294C6A8199079FC003FE0AC /* AABKnowledgeViewController.m in Sources */,
				B294C79C1997CD18003FE0AC /* AABVehicleViewController.m in Sources */,
				B294C72D19907EE9003FE0AC /* AFNetworkActivityIndicatorManager.m in Sources */,
				B294C7D61999A4EB003FE0AC /* Vehicle.m in Sources */,
				B294C72B19907EE9003FE0AC /* AFImageRequestOperation.m in Sources */,
				B294C6AB19907A0B003FE0AC /* AABNearMeViewController.m in Sources */,
				B294C73019907EE9003FE0AC /* AFXMLRequestOperation.m in Sources */,
				B294C74C19907EE9003FE0AC /* PDKeychainBindings.m in Sources */,
				B294C7BB19989318003FE0AC /* AABDBManager.m in Sources */,
				B274BDB9198F8183001FBFDC /* AABHomePartOne.m in Sources */,
				B294C77C19945723003FE0AC /* MBProgressHUD.m in Sources */,
				B294C75C19908972003FE0AC /* AABGPlace.m in Sources */,
				C8F6AB07199CF25B00A4F877 /* AABProfileDetailVC.m in Sources */,
				B21A1B93199BE17200420BFB /* AABPersonalInformationViewController.m in Sources */,
				B294C7D31999A4EA003FE0AC /* Insurance.m in Sources */,
				B274BD90198F7738001FBFDC /* AABAppDelegate.m in Sources */,
				B21A1B8A199BBF1000420BFB /* FPDemoTableViewController.m in Sources */,
				B294C77A19945723003FE0AC /* IMFormCell.m in Sources */,
				B21A1B8D199BBF1000420BFB /* FPViewController.m in Sources */,
				B294C76419931BE5003FE0AC /* Reachability.m in Sources */,
				B294C7DC1999AFC0003FE0AC /* Personal+Import.m in Sources */,
				B294C7C119989684003FE0AC /* AABDataFetcher.m in Sources */,
				B294C7881994BAED003FE0AC /* AABProfileTableViewController.m in Sources */,
				B294C74A19907EE9003FE0AC /* NSString+Encryption.m in Sources */,
				B21A1B74199BB6C900420BFB /* FPPopoverView.m in Sources */,
				B294C7D91999A4EB003FE0AC /* Personal.m in Sources */,
				B294C7BE199895C6003FE0AC /* AABBackgroundFetcher.m in Sources */,
				B294C6A1199079B3003FE0AC /* AABHomeViewController.m in Sources */,
				B294C74E19907EE9003FE0AC /* UIImage+ImageEffects.m in Sources */,
				B294C74F19907EE9003FE0AC /* UIImage+ImageUtils.m in Sources */,
				B294C7C719989F10003FE0AC /* Insurance+Extended.m in Sources */,
				B294C7E81999DE91003FE0AC /* Insurance+Export.m in Sources */,
				B294C7B8199890C7003FE0AC /* Personal+Export.m in Sources */,
				B294C74B19907EE9003FE0AC /* NSString+NamingConvention.m in Sources */,
				C8F6AB03199CCCB700A4F877 /* AABProfileVC.m in Sources */,
				B294C72A19907EE9003FE0AC /* AFHTTPRequestOperation.m in Sources */,
				B294C7E51999DE7C003FE0AC /* Vehicle+Export.m in Sources */,
				C8F6AB0D199DC1B300A4F877 /* UIColor+AAB.m in Sources */,
				B294C75219907FBA003FE0AC /* AABConstants.m in Sources */,
				B294C77B19945723003FE0AC /* IMSSCheckMark.m in Sources */,
				B294C72C19907EE9003FE0AC /* AFJSONRequestOperation.m in Sources */,
				B27EF0CA199B88360003C261 /* AABOptionChooserViewController.m in Sources */,
				B21A1B8C199BBF1000420BFB /* FPPopoverKeyboardResponsiveController.m in Sources */,
				B294C6A5199079E6003FE0AC /* AABSettingViewController.m in Sources */,
				B274BD99198F7738001FBFDC /* AABSecondViewController.m in Sources */,
				B21A1B75199BB6C900420BFB /* FPTouchView.m in Sources */,
				B21A1B73199BB6C900420BFB /* FPPopoverController.m in Sources */,
				B294C77119932FC7003FE0AC /* AABReminderViewController.m in Sources */,
				B294C781199457B8003FE0AC /* UIColor+IMMS.m in Sources */,
			);
			runOnlyForDeploymentPostprocessing = 0;
		};
		B274BD9C198F7738001FBFDC /* Sources */ = {
			isa = PBXSourcesBuildPhase;
			buildActionMask = 2147483647;
			files = (
				B274BDAE198F7738001FBFDC /* otocareTests.m in Sources */,
			);
			runOnlyForDeploymentPostprocessing = 0;
		};
/* End PBXSourcesBuildPhase section */

/* Begin PBXTargetDependency section */
		B274BDA6198F7738001FBFDC /* PBXTargetDependency */ = {
			isa = PBXTargetDependency;
			target = B274BD7B198F7738001FBFDC /* otocare */;
			targetProxy = B274BDA5198F7738001FBFDC /* PBXContainerItemProxy */;
		};
/* End PBXTargetDependency section */

/* Begin PBXVariantGroup section */
		B274BD88198F7738001FBFDC /* InfoPlist.strings */ = {
			isa = PBXVariantGroup;
			children = (
				B274BD89198F7738001FBFDC /* en */,
			);
			name = InfoPlist.strings;
			sourceTree = "<group>";
		};
		B274BD91198F7738001FBFDC /* Main.storyboard */ = {
			isa = PBXVariantGroup;
			children = (
				B274BD92198F7738001FBFDC /* Base */,
			);
			name = Main.storyboard;
			sourceTree = "<group>";
		};
		B274BDAA198F7738001FBFDC /* InfoPlist.strings */ = {
			isa = PBXVariantGroup;
			children = (
				B274BDAB198F7738001FBFDC /* en */,
			);
			name = InfoPlist.strings;
			sourceTree = "<group>";
		};
/* End PBXVariantGroup section */

/* Begin XCBuildConfiguration section */
		B274BDAF198F7738001FBFDC /* Debug */ = {
			isa = XCBuildConfiguration;
			buildSettings = {
				ALWAYS_SEARCH_USER_PATHS = NO;
				CLANG_CXX_LANGUAGE_STANDARD = "gnu++0x";
				CLANG_CXX_LIBRARY = "libc++";
				CLANG_ENABLE_MODULES = YES;
				CLANG_ENABLE_OBJC_ARC = YES;
				CLANG_WARN_BOOL_CONVERSION = YES;
				CLANG_WARN_CONSTANT_CONVERSION = YES;
				CLANG_WARN_DIRECT_OBJC_ISA_USAGE = YES_ERROR;
				CLANG_WARN_EMPTY_BODY = YES;
				CLANG_WARN_ENUM_CONVERSION = YES;
				CLANG_WARN_INT_CONVERSION = YES;
				CLANG_WARN_OBJC_ROOT_CLASS = YES_ERROR;
				CLANG_WARN__DUPLICATE_METHOD_MATCH = YES;
				"CODE_SIGN_IDENTITY[sdk=iphoneos*]" = "iPhone Developer";
				COPY_PHASE_STRIP = NO;
				GCC_C_LANGUAGE_STANDARD = gnu99;
				GCC_DYNAMIC_NO_PIC = NO;
				GCC_OPTIMIZATION_LEVEL = 0;
				GCC_PREPROCESSOR_DEFINITIONS = (
					"DEBUG=1",
					"$(inherited)",
				);
				GCC_SYMBOLS_PRIVATE_EXTERN = NO;
				GCC_WARN_64_TO_32_BIT_CONVERSION = YES;
				GCC_WARN_ABOUT_RETURN_TYPE = YES_ERROR;
				GCC_WARN_UNDECLARED_SELECTOR = YES;
				GCC_WARN_UNINITIALIZED_AUTOS = YES_AGGRESSIVE;
				GCC_WARN_UNUSED_FUNCTION = YES;
				GCC_WARN_UNUSED_VARIABLE = YES;
				IPHONEOS_DEPLOYMENT_TARGET = 7.1;
				ONLY_ACTIVE_ARCH = YES;
				SDKROOT = iphoneos;
			};
			name = Debug;
		};
		B274BDB0198F7738001FBFDC /* Release */ = {
			isa = XCBuildConfiguration;
			buildSettings = {
				ALWAYS_SEARCH_USER_PATHS = NO;
				CLANG_CXX_LANGUAGE_STANDARD = "gnu++0x";
				CLANG_CXX_LIBRARY = "libc++";
				CLANG_ENABLE_MODULES = YES;
				CLANG_ENABLE_OBJC_ARC = YES;
				CLANG_WARN_BOOL_CONVERSION = YES;
				CLANG_WARN_CONSTANT_CONVERSION = YES;
				CLANG_WARN_DIRECT_OBJC_ISA_USAGE = YES_ERROR;
				CLANG_WARN_EMPTY_BODY = YES;
				CLANG_WARN_ENUM_CONVERSION = YES;
				CLANG_WARN_INT_CONVERSION = YES;
				CLANG_WARN_OBJC_ROOT_CLASS = YES_ERROR;
				CLANG_WARN__DUPLICATE_METHOD_MATCH = YES;
				"CODE_SIGN_IDENTITY[sdk=iphoneos*]" = "iPhone Developer";
				COPY_PHASE_STRIP = YES;
				ENABLE_NS_ASSERTIONS = NO;
				GCC_C_LANGUAGE_STANDARD = gnu99;
				GCC_WARN_64_TO_32_BIT_CONVERSION = YES;
				GCC_WARN_ABOUT_RETURN_TYPE = YES_ERROR;
				GCC_WARN_UNDECLARED_SELECTOR = YES;
				GCC_WARN_UNINITIALIZED_AUTOS = YES_AGGRESSIVE;
				GCC_WARN_UNUSED_FUNCTION = YES;
				GCC_WARN_UNUSED_VARIABLE = YES;
				IPHONEOS_DEPLOYMENT_TARGET = 7.1;
				SDKROOT = iphoneos;
				VALIDATE_PRODUCT = YES;
			};
			name = Release;
		};
		B274BDB2198F7738001FBFDC /* Debug */ = {
			isa = XCBuildConfiguration;
			buildSettings = {
				ASSETCATALOG_COMPILER_APPICON_NAME = "AppIcon-2";
				ASSETCATALOG_COMPILER_LAUNCHIMAGE_NAME = LaunchImage;
				CODE_SIGN_IDENTITY = "iPhone Developer";
				FRAMEWORK_SEARCH_PATHS = (
					"$(inherited)",
					"$(PROJECT_DIR)/otocare/Libraries",
				);
				GCC_PRECOMPILE_PREFIX_HEADER = YES;
				GCC_PREFIX_HEADER = "otocare/otocare-Prefix.pch";
				INFOPLIST_FILE = "otocare/otocare-Info.plist";
				LIBRARY_SEARCH_PATHS = (
					"$(inherited)",
					"$(PROJECT_DIR)/otocare/Libraries/FbF",
					mobileOne,
					Lib,
					"$(PROJECT_DIR)/otocare/Libraries/NBIS/lib",
					"$(SDKROOT)/usr/lib/system",
				);
				PRODUCT_NAME = "$(TARGET_NAME)";
				WRAPPER_EXTENSION = app;
			};
			name = Debug;
		};
		B274BDB3198F7738001FBFDC /* Release */ = {
			isa = XCBuildConfiguration;
			buildSettings = {
				ASSETCATALOG_COMPILER_APPICON_NAME = "AppIcon-2";
				ASSETCATALOG_COMPILER_LAUNCHIMAGE_NAME = LaunchImage;
				CODE_SIGN_IDENTITY = "iPhone Developer";
				FRAMEWORK_SEARCH_PATHS = (
					"$(inherited)",
					"$(PROJECT_DIR)/otocare/Libraries",
				);
				GCC_PRECOMPILE_PREFIX_HEADER = YES;
				GCC_PREFIX_HEADER = "otocare/otocare-Prefix.pch";
				INFOPLIST_FILE = "otocare/otocare-Info.plist";
				LIBRARY_SEARCH_PATHS = (
					"$(inherited)",
					"$(PROJECT_DIR)/otocare/Libraries/FbF",
					mobileOne,
					Lib,
					"$(PROJECT_DIR)/otocare/Libraries/NBIS/lib",
					"$(SDKROOT)/usr/lib/system",
				);
				PRODUCT_NAME = "$(TARGET_NAME)";
				WRAPPER_EXTENSION = app;
			};
			name = Release;
		};
		B274BDB5198F7738001FBFDC /* Debug */ = {
			isa = XCBuildConfiguration;
			buildSettings = {
				BUNDLE_LOADER = "$(BUILT_PRODUCTS_DIR)/otocare.app/otocare";
				FRAMEWORK_SEARCH_PATHS = (
					"$(SDKROOT)/Developer/Library/Frameworks",
					"$(inherited)",
					"$(DEVELOPER_FRAMEWORKS_DIR)",
				);
				GCC_PRECOMPILE_PREFIX_HEADER = YES;
				GCC_PREFIX_HEADER = "otocare/otocare-Prefix.pch";
				GCC_PREPROCESSOR_DEFINITIONS = (
					"DEBUG=1",
					"$(inherited)",
				);
				INFOPLIST_FILE = "otocareTests/otocareTests-Info.plist";
				PRODUCT_NAME = "$(TARGET_NAME)";
				TEST_HOST = "$(BUNDLE_LOADER)";
				WRAPPER_EXTENSION = xctest;
			};
			name = Debug;
		};
		B274BDB6198F7738001FBFDC /* Release */ = {
			isa = XCBuildConfiguration;
			buildSettings = {
				BUNDLE_LOADER = "$(BUILT_PRODUCTS_DIR)/otocare.app/otocare";
				FRAMEWORK_SEARCH_PATHS = (
					"$(SDKROOT)/Developer/Library/Frameworks",
					"$(inherited)",
					"$(DEVELOPER_FRAMEWORKS_DIR)",
				);
				GCC_PRECOMPILE_PREFIX_HEADER = YES;
				GCC_PREFIX_HEADER = "otocare/otocare-Prefix.pch";
				INFOPLIST_FILE = "otocareTests/otocareTests-Info.plist";
				PRODUCT_NAME = "$(TARGET_NAME)";
				TEST_HOST = "$(BUNDLE_LOADER)";
				WRAPPER_EXTENSION = xctest;
			};
			name = Release;
		};
/* End XCBuildConfiguration section */

/* Begin XCConfigurationList section */
		B274BD77198F7738001FBFDC /* Build configuration list for PBXProject "otocare" */ = {
			isa = XCConfigurationList;
			buildConfigurations = (
				B274BDAF198F7738001FBFDC /* Debug */,
				B274BDB0198F7738001FBFDC /* Release */,
			);
			defaultConfigurationIsVisible = 0;
			defaultConfigurationName = Release;
		};
		B274BDB1198F7738001FBFDC /* Build configuration list for PBXNativeTarget "otocare" */ = {
			isa = XCConfigurationList;
			buildConfigurations = (
				B274BDB2198F7738001FBFDC /* Debug */,
				B274BDB3198F7738001FBFDC /* Release */,
			);
			defaultConfigurationIsVisible = 0;
			defaultConfigurationName = Release;
		};
		B274BDB4198F7738001FBFDC /* Build configuration list for PBXNativeTarget "otocareTests" */ = {
			isa = XCConfigurationList;
			buildConfigurations = (
				B274BDB5198F7738001FBFDC /* Debug */,
				B274BDB6198F7738001FBFDC /* Release */,
			);
			defaultConfigurationIsVisible = 0;
			defaultConfigurationName = Release;
		};
/* End XCConfigurationList section */

/* Begin XCVersionGroup section */
		B294C7A01997DD5E003FE0AC /* Model.xcdatamodeld */ = {
			isa = XCVersionGroup;
			children = (
				B294C7A11997DD5E003FE0AC /* Model.xcdatamodel */,
			);
			currentVersion = B294C7A11997DD5E003FE0AC /* Model.xcdatamodel */;
			path = Model.xcdatamodeld;
			sourceTree = "<group>";
			versionGroupType = wrapper.xcdatamodel;
		};
/* End XCVersionGroup section */
	};
	rootObject = B274BD74198F7738001FBFDC /* Project object */;
}
